// !$*UTF8*$!
{
	archiveVersion = 1;
	classes = {
	};
	objectVersion = 46;
	objects = {

/* Begin PBXBuildFile section */
		A02A3EE41D40FBD100A3956F /* MarqueeLabel.swift in Sources */ = {isa = PBXBuildFile; fileRef = A02A3EE31D40FBD100A3956F /* MarqueeLabel.swift */; };
		A02A3EE71D435D1400A3956F /* PlaySongService.swift in Sources */ = {isa = PBXBuildFile; fileRef = A02A3EE61D435D1300A3956F /* PlaySongService.swift */; };
		A02A3EEA1D44BF6600A3956F /* SwipeDiscScrollView.swift in Sources */ = {isa = PBXBuildFile; fileRef = A02A3EE91D44BF6600A3956F /* SwipeDiscScrollView.swift */; };
		A0BE95BF1D157ABB009A84F0 /* HeadIconView.swift in Sources */ = {isa = PBXBuildFile; fileRef = A0BE95BE1D157ABB009A84F0 /* HeadIconView.swift */; };
		DE13AB111D3511D0004BA90C /* SongSheet.swift in Sources */ = {isa = PBXBuildFile; fileRef = DE13AB101D3511D0004BA90C /* SongSheet.swift */; };
		DE13AB1B1D378CD9004BA90C /* CertainSongSheetViewController.swift in Sources */ = {isa = PBXBuildFile; fileRef = DE13AB1A1D378CD9004BA90C /* CertainSongSheetViewController.swift */; };
		DE13AB1D1D379290004BA90C /* CertainSongSheet.swift in Sources */ = {isa = PBXBuildFile; fileRef = DE13AB1C1D379290004BA90C /* CertainSongSheet.swift */; };
		DE13AB201D37AAE1004BA90C /* PlaySongViewController.swift in Sources */ = {isa = PBXBuildFile; fileRef = DE13AB1E1D37AAE1004BA90C /* PlaySongViewController.swift */; };
		DE13AB211D37AAE1004BA90C /* PlaySongViewController.xib in Resources */ = {isa = PBXBuildFile; fileRef = DE13AB1F1D37AAE1004BA90C /* PlaySongViewController.xib */; };
		DE19D2141D12DAFC008A575C /* FixedValue.swift in Sources */ = {isa = PBXBuildFile; fileRef = DE19D2131D12DAFC008A575C /* FixedValue.swift */; };
		DE2474741D1AB83C00EBAA37 /* CommentCell.swift in Sources */ = {isa = PBXBuildFile; fileRef = DE2474721D1AB83C00EBAA37 /* CommentCell.swift */; };
		DE2474751D1AB83C00EBAA37 /* CommentCell.xib in Resources */ = {isa = PBXBuildFile; fileRef = DE2474731D1AB83C00EBAA37 /* CommentCell.xib */; };
		DE2654791D101A860083F742 /* AppDelegate.swift in Sources */ = {isa = PBXBuildFile; fileRef = DE2654781D101A860083F742 /* AppDelegate.swift */; };
		DE2654801D101A860083F742 /* Main.storyboard in Resources */ = {isa = PBXBuildFile; fileRef = DE26547E1D101A860083F742 /* Main.storyboard */; };
		DE2654821D101A860083F742 /* Assets.xcassets in Resources */ = {isa = PBXBuildFile; fileRef = DE2654811D101A860083F742 /* Assets.xcassets */; };
		DE2654851D101A860083F742 /* LaunchScreen.storyboard in Resources */ = {isa = PBXBuildFile; fileRef = DE2654831D101A860083F742 /* LaunchScreen.storyboard */; };
		DE2654901D101A860083F742 /* NetEaseCloudMusicTests.swift in Sources */ = {isa = PBXBuildFile; fileRef = DE26548F1D101A860083F742 /* NetEaseCloudMusicTests.swift */; };
		DE26549B1D101A860083F742 /* NetEaseCloudMusicUITests.swift in Sources */ = {isa = PBXBuildFile; fileRef = DE26549A1D101A860083F742 /* NetEaseCloudMusicUITests.swift */; };
		DE2654AB1D101D440083F742 /* FindMusicViewController.swift in Sources */ = {isa = PBXBuildFile; fileRef = DE2654AA1D101D440083F742 /* FindMusicViewController.swift */; };
		DE2654AE1D101D7A0083F742 /* MyMusicViewController.swift in Sources */ = {isa = PBXBuildFile; fileRef = DE2654AD1D101D7A0083F742 /* MyMusicViewController.swift */; };
		DE2654B11D101DA90083F742 /* FriendViewController.swift in Sources */ = {isa = PBXBuildFile; fileRef = DE2654B01D101DA90083F742 /* FriendViewController.swift */; };
		DE2654B41D101DD30083F742 /* AccountViewController.swift in Sources */ = {isa = PBXBuildFile; fileRef = DE2654B31D101DD30083F742 /* AccountViewController.swift */; };
		DE2654B91D1022F10083F742 /* RecommendViewController.swift in Sources */ = {isa = PBXBuildFile; fileRef = DE2654B81D1022F10083F742 /* RecommendViewController.swift */; };
		DE2654BB1D10232C0083F742 /* SongSheetViewController.swift in Sources */ = {isa = PBXBuildFile; fileRef = DE2654BA1D10232C0083F742 /* SongSheetViewController.swift */; };
		DE2654BD1D10236F0083F742 /* RadioViewController.swift in Sources */ = {isa = PBXBuildFile; fileRef = DE2654BC1D10236F0083F742 /* RadioViewController.swift */; };
		DE2654BF1D1023990083F742 /* RankListViewController.swift in Sources */ = {isa = PBXBuildFile; fileRef = DE2654BE1D1023990083F742 /* RankListViewController.swift */; };
		DE2654C11D10249D0083F742 /* SoundHoundViewController.swift in Sources */ = {isa = PBXBuildFile; fileRef = DE2654C01D10249D0083F742 /* SoundHoundViewController.swift */; };
		DE2654C51D1025460083F742 /* AddSongSheetViewController.swift in Sources */ = {isa = PBXBuildFile; fileRef = DE2654C41D1025460083F742 /* AddSongSheetViewController.swift */; };
		DE2654C71D1025730083F742 /* MyMusicCloudBoxViewController.swift in Sources */ = {isa = PBXBuildFile; fileRef = DE2654C61D1025730083F742 /* MyMusicCloudBoxViewController.swift */; };
		DE2654C91D1025C70083F742 /* AddFocusViewController.swift in Sources */ = {isa = PBXBuildFile; fileRef = DE2654C81D1025C70083F742 /* AddFocusViewController.swift */; };
		DE2654CB1D1025E60083F742 /* FocusViewController.swift in Sources */ = {isa = PBXBuildFile; fileRef = DE2654CA1D1025E60083F742 /* FocusViewController.swift */; };
		DE2654CD1D1025F90083F742 /* NearByViewController.swift in Sources */ = {isa = PBXBuildFile; fileRef = DE2654CC1D1025F90083F742 /* NearByViewController.swift */; };
		DE2654CF1D1026710083F742 /* MyMessageViewController.swift in Sources */ = {isa = PBXBuildFile; fileRef = DE2654CE1D1026710083F742 /* MyMessageViewController.swift */; };
		DE2654D11D1026B50083F742 /* PaidMusicViewController.swift in Sources */ = {isa = PBXBuildFile; fileRef = DE2654D01D1026B50083F742 /* PaidMusicViewController.swift */; };
		DE2654D31D1026DA0083F742 /* PointMallViewController.swift in Sources */ = {isa = PBXBuildFile; fileRef = DE2654D21D1026DA0083F742 /* PointMallViewController.swift */; };
		DE2654D51D10271A0083F742 /* OnlineFreePlayViewController.swift in Sources */ = {isa = PBXBuildFile; fileRef = DE2654D41D10271A0083F742 /* OnlineFreePlayViewController.swift */; };
		DE2654D71D1027540083F742 /* SettingViewController.swift in Sources */ = {isa = PBXBuildFile; fileRef = DE2654D61D1027540083F742 /* SettingViewController.swift */; };
		DE2654D91D1027780083F742 /* ThemeSkinViewController.swift in Sources */ = {isa = PBXBuildFile; fileRef = DE2654D81D1027780083F742 /* ThemeSkinViewController.swift */; };
		DE2654DB1D1027CA0083F742 /* CountDownViewController.swift in Sources */ = {isa = PBXBuildFile; fileRef = DE2654DA1D1027CA0083F742 /* CountDownViewController.swift */; };
		DE2654DD1D1027E40083F742 /* MusicAlarmViewController.swift in Sources */ = {isa = PBXBuildFile; fileRef = DE2654DC1D1027E40083F742 /* MusicAlarmViewController.swift */; };
		DE2654DF1D1027FF0083F742 /* DrivingModeViewController.swift in Sources */ = {isa = PBXBuildFile; fileRef = DE2654DE1D1027FF0083F742 /* DrivingModeViewController.swift */; };
		DE2654E11D1028160083F742 /* AboutViewController.swift in Sources */ = {isa = PBXBuildFile; fileRef = DE2654E01D1028160083F742 /* AboutViewController.swift */; };
		DE2654E51D1029590083F742 /* DownLoadViewController.swift in Sources */ = {isa = PBXBuildFile; fileRef = DE2654E41D1029590083F742 /* DownLoadViewController.swift */; };
		DE2654E81D10299F0083F742 /* RecentPlayedViewController.swift in Sources */ = {isa = PBXBuildFile; fileRef = DE2654E71D10299F0083F742 /* RecentPlayedViewController.swift */; };
		DE2654EB1D1029DE0083F742 /* MySingerViewController.swift in Sources */ = {isa = PBXBuildFile; fileRef = DE2654EA1D1029DE0083F742 /* MySingerViewController.swift */; };
		DE2654ED1D102A070083F742 /* MyMVViewController.swift in Sources */ = {isa = PBXBuildFile; fileRef = DE2654EC1D102A070083F742 /* MyMVViewController.swift */; };
		DE2654F21D102A9D0083F742 /* MyRadioViewController.swift in Sources */ = {isa = PBXBuildFile; fileRef = DE2654F11D102A9D0083F742 /* MyRadioViewController.swift */; };
		DE2654F81D103A8D0083F742 /* AccountTableViewCell.swift in Sources */ = {isa = PBXBuildFile; fileRef = DE2654F71D103A8D0083F742 /* AccountTableViewCell.swift */; };
		DE35EB821D30E66D00485339 /* SongSheets.geojson in Resources */ = {isa = PBXBuildFile; fileRef = DE35EB811D30E66D00485339 /* SongSheets.geojson */; };
		DE35EB851D30E89F00485339 /* SongSheetDetails.geojson in Resources */ = {isa = PBXBuildFile; fileRef = DE35EB841D30E89F00485339 /* SongSheetDetails.geojson */; };
		DE4068541D12A3190067F0FE /* BaseTableViewCell.swift in Sources */ = {isa = PBXBuildFile; fileRef = DE4068531D12A3190067F0FE /* BaseTableViewCell.swift */; };
		DE4068571D12A4DA0067F0FE /* RoundNumberLabel.swift in Sources */ = {isa = PBXBuildFile; fileRef = DE4068561D12A4DA0067F0FE /* RoundNumberLabel.swift */; };
		DE79E6EE1D163B35006B9926 /* RankRoundLabel.swift in Sources */ = {isa = PBXBuildFile; fileRef = DE79E6ED1D163B35006B9926 /* RankRoundLabel.swift */; };
		DE79E6F01D167209006B9926 /* AtMineListTableView.swift in Sources */ = {isa = PBXBuildFile; fileRef = DE79E6EF1D167209006B9926 /* AtMineListTableView.swift */; };
		DE79E6F21D167232006B9926 /* PrivateMessageListTableView.swift in Sources */ = {isa = PBXBuildFile; fileRef = DE79E6F11D167232006B9926 /* PrivateMessageListTableView.swift */; };
		DE79E6F41D167262006B9926 /* CommentListTableView.swift in Sources */ = {isa = PBXBuildFile; fileRef = DE79E6F31D167262006B9926 /* CommentListTableView.swift */; };
		DE79E6F61D167282006B9926 /* BaseTableView.swift in Sources */ = {isa = PBXBuildFile; fileRef = DE79E6F51D167282006B9926 /* BaseTableView.swift */; };
		DE79E6F81D1672BE006B9926 /* NotificationListTableView.swift in Sources */ = {isa = PBXBuildFile; fileRef = DE79E6F71D1672BE006B9926 /* NotificationListTableView.swift */; };
		DE79E6FB1D1677C2006B9926 /* HasInfoSegmentedControl.swift in Sources */ = {isa = PBXBuildFile; fileRef = DE79E6FA1D1677C2006B9926 /* HasInfoSegmentedControl.swift */; };
		DEAB13C21D1518D2001FD8E8 /* BaseViewController.swift in Sources */ = {isa = PBXBuildFile; fileRef = DEAB13C11D1518D2001FD8E8 /* BaseViewController.swift */; };
		DEC8F3111D23E0B700C30661 /* NetworkMusicApi.swift in Sources */ = {isa = PBXBuildFile; fileRef = DEC8F3101D23E0B700C30661 /* NetworkMusicApi.swift */; };
		DED58E111D5C8C8600ED8A74 /* SongLyric.swift in Sources */ = {isa = PBXBuildFile; fileRef = DED58E101D5C8C8600ED8A74 /* SongLyric.swift */; };
		DED58E131D5C8D0900ED8A74 /* SongInfo.swift in Sources */ = {isa = PBXBuildFile; fileRef = DED58E121D5C8D0900ED8A74 /* SongInfo.swift */; };
		EB11B0F7C0EE28112D75A367 /* Pods.framework in Frameworks */ = {isa = PBXBuildFile; fileRef = D42FA2A00EA9169F711A1E81 /* Pods.framework */; };
/* End PBXBuildFile section */

/* Begin PBXContainerItemProxy section */
		DE26548C1D101A860083F742 /* PBXContainerItemProxy */ = {
			isa = PBXContainerItemProxy;
			containerPortal = DE26546D1D101A860083F742 /* Project object */;
			proxyType = 1;
			remoteGlobalIDString = DE2654741D101A860083F742;
			remoteInfo = NetEaseCloudMusic;
		};
		DE2654971D101A860083F742 /* PBXContainerItemProxy */ = {
			isa = PBXContainerItemProxy;
			containerPortal = DE26546D1D101A860083F742 /* Project object */;
			proxyType = 1;
			remoteGlobalIDString = DE2654741D101A860083F742;
			remoteInfo = NetEaseCloudMusic;
		};
/* End PBXContainerItemProxy section */

/* Begin PBXFileReference section */
		A02A3EE31D40FBD100A3956F /* MarqueeLabel.swift */ = {isa = PBXFileReference; fileEncoding = 4; lastKnownFileType = sourcecode.swift; name = MarqueeLabel.swift; path = Vendor/MarqueeLabel.swift; sourceTree = "<group>"; };
		A02A3EE61D435D1300A3956F /* PlaySongService.swift */ = {isa = PBXFileReference; fileEncoding = 4; lastKnownFileType = sourcecode.swift; name = PlaySongService.swift; path = Service/PlaySongService.swift; sourceTree = "<group>"; };
		A02A3EE91D44BF6600A3956F /* SwipeDiscScrollView.swift */ = {isa = PBXFileReference; fileEncoding = 4; lastKnownFileType = sourcecode.swift; name = SwipeDiscScrollView.swift; path = MyMusic/SwipeDiscScrollView.swift; sourceTree = "<group>"; };
		A0BE95BE1D157ABB009A84F0 /* HeadIconView.swift */ = {isa = PBXFileReference; fileEncoding = 4; lastKnownFileType = sourcecode.swift; name = HeadIconView.swift; path = Common/HeadIconView.swift; sourceTree = "<group>"; };
		C2FE4E75AA0B108BB1B196B5 /* Pods.release.xcconfig */ = {isa = PBXFileReference; includeInIndex = 1; lastKnownFileType = text.xcconfig; name = Pods.release.xcconfig; path = "Pods/Target Support Files/Pods/Pods.release.xcconfig"; sourceTree = "<group>"; };
		C681789F70D8D427BB9A1604 /* Pods.debug.xcconfig */ = {isa = PBXFileReference; includeInIndex = 1; lastKnownFileType = text.xcconfig; name = Pods.debug.xcconfig; path = "Pods/Target Support Files/Pods/Pods.debug.xcconfig"; sourceTree = "<group>"; };
		D42FA2A00EA9169F711A1E81 /* Pods.framework */ = {isa = PBXFileReference; explicitFileType = wrapper.framework; includeInIndex = 0; path = Pods.framework; sourceTree = BUILT_PRODUCTS_DIR; };
		DE13AB101D3511D0004BA90C /* SongSheet.swift */ = {isa = PBXFileReference; fileEncoding = 4; lastKnownFileType = sourcecode.swift; name = SongSheet.swift; path = Model/SongSheet.swift; sourceTree = "<group>"; };
		DE13AB1A1D378CD9004BA90C /* CertainSongSheetViewController.swift */ = {isa = PBXFileReference; fileEncoding = 4; lastKnownFileType = sourcecode.swift; name = CertainSongSheetViewController.swift; path = FindMusic/CertainSongSheetViewController.swift; sourceTree = "<group>"; };
		DE13AB1C1D379290004BA90C /* CertainSongSheet.swift */ = {isa = PBXFileReference; fileEncoding = 4; lastKnownFileType = sourcecode.swift; name = CertainSongSheet.swift; path = Model/CertainSongSheet.swift; sourceTree = "<group>"; };
		DE13AB1E1D37AAE1004BA90C /* PlaySongViewController.swift */ = {isa = PBXFileReference; fileEncoding = 4; lastKnownFileType = sourcecode.swift; name = PlaySongViewController.swift; path = MyMusic/PlaySongViewController.swift; sourceTree = "<group>"; };
		DE13AB1F1D37AAE1004BA90C /* PlaySongViewController.xib */ = {isa = PBXFileReference; fileEncoding = 4; lastKnownFileType = file.xib; name = PlaySongViewController.xib; path = MyMusic/PlaySongViewController.xib; sourceTree = "<group>"; };
		DE19D2131D12DAFC008A575C /* FixedValue.swift */ = {isa = PBXFileReference; fileEncoding = 4; lastKnownFileType = sourcecode.swift; name = FixedValue.swift; path = Util/FixedValue.swift; sourceTree = "<group>"; };
		DE2474721D1AB83C00EBAA37 /* CommentCell.swift */ = {isa = PBXFileReference; fileEncoding = 4; lastKnownFileType = sourcecode.swift; name = CommentCell.swift; path = Account/CommentCell.swift; sourceTree = "<group>"; };
		DE2474731D1AB83C00EBAA37 /* CommentCell.xib */ = {isa = PBXFileReference; fileEncoding = 4; lastKnownFileType = file.xib; name = CommentCell.xib; path = Account/CommentCell.xib; sourceTree = "<group>"; };
		DE2654751D101A860083F742 /* NetEaseCloudMusic.app */ = {isa = PBXFileReference; explicitFileType = wrapper.application; includeInIndex = 0; path = NetEaseCloudMusic.app; sourceTree = BUILT_PRODUCTS_DIR; };
		DE2654781D101A860083F742 /* AppDelegate.swift */ = {isa = PBXFileReference; lastKnownFileType = sourcecode.swift; path = AppDelegate.swift; sourceTree = "<group>"; };
		DE26547F1D101A860083F742 /* Base */ = {isa = PBXFileReference; lastKnownFileType = file.storyboard; name = Base; path = Base.lproj/Main.storyboard; sourceTree = "<group>"; };
		DE2654811D101A860083F742 /* Assets.xcassets */ = {isa = PBXFileReference; lastKnownFileType = folder.assetcatalog; path = Assets.xcassets; sourceTree = "<group>"; };
		DE2654841D101A860083F742 /* Base */ = {isa = PBXFileReference; lastKnownFileType = file.storyboard; name = Base; path = Base.lproj/LaunchScreen.storyboard; sourceTree = "<group>"; };
		DE2654861D101A860083F742 /* Info.plist */ = {isa = PBXFileReference; lastKnownFileType = text.plist.xml; path = Info.plist; sourceTree = "<group>"; };
		DE26548B1D101A860083F742 /* NetEaseCloudMusicTests.xctest */ = {isa = PBXFileReference; explicitFileType = wrapper.cfbundle; includeInIndex = 0; path = NetEaseCloudMusicTests.xctest; sourceTree = BUILT_PRODUCTS_DIR; };
		DE26548F1D101A860083F742 /* NetEaseCloudMusicTests.swift */ = {isa = PBXFileReference; lastKnownFileType = sourcecode.swift; path = NetEaseCloudMusicTests.swift; sourceTree = "<group>"; };
		DE2654911D101A860083F742 /* Info.plist */ = {isa = PBXFileReference; lastKnownFileType = text.plist.xml; path = Info.plist; sourceTree = "<group>"; };
		DE2654961D101A860083F742 /* NetEaseCloudMusicUITests.xctest */ = {isa = PBXFileReference; explicitFileType = wrapper.cfbundle; includeInIndex = 0; path = NetEaseCloudMusicUITests.xctest; sourceTree = BUILT_PRODUCTS_DIR; };
		DE26549A1D101A860083F742 /* NetEaseCloudMusicUITests.swift */ = {isa = PBXFileReference; lastKnownFileType = sourcecode.swift; path = NetEaseCloudMusicUITests.swift; sourceTree = "<group>"; };
		DE26549C1D101A860083F742 /* Info.plist */ = {isa = PBXFileReference; lastKnownFileType = text.plist.xml; path = Info.plist; sourceTree = "<group>"; };
		DE2654AA1D101D440083F742 /* FindMusicViewController.swift */ = {isa = PBXFileReference; fileEncoding = 4; lastKnownFileType = sourcecode.swift; name = FindMusicViewController.swift; path = FindMusic/FindMusicViewController.swift; sourceTree = "<group>"; };
		DE2654AD1D101D7A0083F742 /* MyMusicViewController.swift */ = {isa = PBXFileReference; fileEncoding = 4; lastKnownFileType = sourcecode.swift; name = MyMusicViewController.swift; path = MyMusic/MyMusicViewController.swift; sourceTree = "<group>"; };
		DE2654B01D101DA90083F742 /* FriendViewController.swift */ = {isa = PBXFileReference; fileEncoding = 4; lastKnownFileType = sourcecode.swift; name = FriendViewController.swift; path = Friend/FriendViewController.swift; sourceTree = "<group>"; };
		DE2654B31D101DD30083F742 /* AccountViewController.swift */ = {isa = PBXFileReference; fileEncoding = 4; lastKnownFileType = sourcecode.swift; name = AccountViewController.swift; path = Account/AccountViewController.swift; sourceTree = "<group>"; };
		DE2654B81D1022F10083F742 /* RecommendViewController.swift */ = {isa = PBXFileReference; fileEncoding = 4; lastKnownFileType = sourcecode.swift; name = RecommendViewController.swift; path = FindMusic/RecommendViewController.swift; sourceTree = "<group>"; };
		DE2654BA1D10232C0083F742 /* SongSheetViewController.swift */ = {isa = PBXFileReference; fileEncoding = 4; lastKnownFileType = sourcecode.swift; name = SongSheetViewController.swift; path = FindMusic/SongSheetViewController.swift; sourceTree = "<group>"; };
		DE2654BC1D10236F0083F742 /* RadioViewController.swift */ = {isa = PBXFileReference; fileEncoding = 4; lastKnownFileType = sourcecode.swift; name = RadioViewController.swift; path = FindMusic/RadioViewController.swift; sourceTree = "<group>"; };
		DE2654BE1D1023990083F742 /* RankListViewController.swift */ = {isa = PBXFileReference; fileEncoding = 4; lastKnownFileType = sourcecode.swift; name = RankListViewController.swift; path = FindMusic/RankListViewController.swift; sourceTree = "<group>"; };
		DE2654C01D10249D0083F742 /* SoundHoundViewController.swift */ = {isa = PBXFileReference; fileEncoding = 4; lastKnownFileType = sourcecode.swift; name = SoundHoundViewController.swift; path = FindMusic/SoundHoundViewController.swift; sourceTree = "<group>"; };
		DE2654C41D1025460083F742 /* AddSongSheetViewController.swift */ = {isa = PBXFileReference; fileEncoding = 4; lastKnownFileType = sourcecode.swift; name = AddSongSheetViewController.swift; path = MyMusic/AddSongSheetViewController.swift; sourceTree = "<group>"; };
		DE2654C61D1025730083F742 /* MyMusicCloudBoxViewController.swift */ = {isa = PBXFileReference; fileEncoding = 4; lastKnownFileType = sourcecode.swift; name = MyMusicCloudBoxViewController.swift; path = MyMusic/MyMusicCloudBoxViewController.swift; sourceTree = "<group>"; };
		DE2654C81D1025C70083F742 /* AddFocusViewController.swift */ = {isa = PBXFileReference; fileEncoding = 4; lastKnownFileType = sourcecode.swift; name = AddFocusViewController.swift; path = Friend/AddFocusViewController.swift; sourceTree = "<group>"; };
		DE2654CA1D1025E60083F742 /* FocusViewController.swift */ = {isa = PBXFileReference; fileEncoding = 4; lastKnownFileType = sourcecode.swift; name = FocusViewController.swift; path = Friend/FocusViewController.swift; sourceTree = "<group>"; };
		DE2654CC1D1025F90083F742 /* NearByViewController.swift */ = {isa = PBXFileReference; fileEncoding = 4; lastKnownFileType = sourcecode.swift; name = NearByViewController.swift; path = Friend/NearByViewController.swift; sourceTree = "<group>"; };
		DE2654CE1D1026710083F742 /* MyMessageViewController.swift */ = {isa = PBXFileReference; fileEncoding = 4; lastKnownFileType = sourcecode.swift; name = MyMessageViewController.swift; path = Account/MyMessageViewController.swift; sourceTree = "<group>"; };
		DE2654D01D1026B50083F742 /* PaidMusicViewController.swift */ = {isa = PBXFileReference; fileEncoding = 4; lastKnownFileType = sourcecode.swift; name = PaidMusicViewController.swift; path = Account/PaidMusicViewController.swift; sourceTree = "<group>"; };
		DE2654D21D1026DA0083F742 /* PointMallViewController.swift */ = {isa = PBXFileReference; fileEncoding = 4; lastKnownFileType = sourcecode.swift; name = PointMallViewController.swift; path = Account/PointMallViewController.swift; sourceTree = "<group>"; };
		DE2654D41D10271A0083F742 /* OnlineFreePlayViewController.swift */ = {isa = PBXFileReference; fileEncoding = 4; lastKnownFileType = sourcecode.swift; name = OnlineFreePlayViewController.swift; path = Account/OnlineFreePlayViewController.swift; sourceTree = "<group>"; };
		DE2654D61D1027540083F742 /* SettingViewController.swift */ = {isa = PBXFileReference; fileEncoding = 4; lastKnownFileType = sourcecode.swift; name = SettingViewController.swift; path = Account/SettingViewController.swift; sourceTree = "<group>"; };
		DE2654D81D1027780083F742 /* ThemeSkinViewController.swift */ = {isa = PBXFileReference; fileEncoding = 4; lastKnownFileType = sourcecode.swift; name = ThemeSkinViewController.swift; path = Account/ThemeSkinViewController.swift; sourceTree = "<group>"; };
		DE2654DA1D1027CA0083F742 /* CountDownViewController.swift */ = {isa = PBXFileReference; fileEncoding = 4; lastKnownFileType = sourcecode.swift; name = CountDownViewController.swift; path = Account/CountDownViewController.swift; sourceTree = "<group>"; };
		DE2654DC1D1027E40083F742 /* MusicAlarmViewController.swift */ = {isa = PBXFileReference; fileEncoding = 4; lastKnownFileType = sourcecode.swift; name = MusicAlarmViewController.swift; path = Account/MusicAlarmViewController.swift; sourceTree = "<group>"; };
		DE2654DE1D1027FF0083F742 /* DrivingModeViewController.swift */ = {isa = PBXFileReference; fileEncoding = 4; lastKnownFileType = sourcecode.swift; name = DrivingModeViewController.swift; path = Account/DrivingModeViewController.swift; sourceTree = "<group>"; };
		DE2654E01D1028160083F742 /* AboutViewController.swift */ = {isa = PBXFileReference; fileEncoding = 4; lastKnownFileType = sourcecode.swift; name = AboutViewController.swift; path = Account/AboutViewController.swift; sourceTree = "<group>"; };
		DE2654E41D1029590083F742 /* DownLoadViewController.swift */ = {isa = PBXFileReference; fileEncoding = 4; lastKnownFileType = sourcecode.swift; name = DownLoadViewController.swift; path = MyMusic/DownLoad/DownLoadViewController.swift; sourceTree = "<group>"; };
		DE2654E71D10299F0083F742 /* RecentPlayedViewController.swift */ = {isa = PBXFileReference; fileEncoding = 4; lastKnownFileType = sourcecode.swift; name = RecentPlayedViewController.swift; path = MyMusic/RecentPlayed/RecentPlayedViewController.swift; sourceTree = "<group>"; };
		DE2654EA1D1029DE0083F742 /* MySingerViewController.swift */ = {isa = PBXFileReference; fileEncoding = 4; lastKnownFileType = sourcecode.swift; name = MySingerViewController.swift; path = MyMusic/MySingerViewController.swift; sourceTree = "<group>"; };
		DE2654EC1D102A070083F742 /* MyMVViewController.swift */ = {isa = PBXFileReference; fileEncoding = 4; lastKnownFileType = sourcecode.swift; name = MyMVViewController.swift; path = MyMusic/MyMV/MyMVViewController.swift; sourceTree = "<group>"; };
		DE2654F11D102A9D0083F742 /* MyRadioViewController.swift */ = {isa = PBXFileReference; fileEncoding = 4; lastKnownFileType = sourcecode.swift; name = MyRadioViewController.swift; path = MyMusic/MyRadio/MyRadioViewController.swift; sourceTree = "<group>"; };
		DE2654F71D103A8D0083F742 /* AccountTableViewCell.swift */ = {isa = PBXFileReference; fileEncoding = 4; lastKnownFileType = sourcecode.swift; name = AccountTableViewCell.swift; path = Account/AccountTableViewCell.swift; sourceTree = "<group>"; };
		DE35EB811D30E66D00485339 /* SongSheets.geojson */ = {isa = PBXFileReference; fileEncoding = 4; lastKnownFileType = text; name = SongSheets.geojson; path = Resources/SongSheets.geojson; sourceTree = "<group>"; };
		DE35EB841D30E89F00485339 /* SongSheetDetails.geojson */ = {isa = PBXFileReference; fileEncoding = 4; lastKnownFileType = text; path = SongSheetDetails.geojson; sourceTree = "<group>"; };
		DE4068531D12A3190067F0FE /* BaseTableViewCell.swift */ = {isa = PBXFileReference; fileEncoding = 4; lastKnownFileType = sourcecode.swift; name = BaseTableViewCell.swift; path = Common/BaseTableViewCell.swift; sourceTree = "<group>"; };
		DE4068561D12A4DA0067F0FE /* RoundNumberLabel.swift */ = {isa = PBXFileReference; fileEncoding = 4; lastKnownFileType = sourcecode.swift; name = RoundNumberLabel.swift; path = Common/RoundNumberLabel.swift; sourceTree = "<group>"; };
		DE42A5A61D2D26FF002D3B60 /* NetEaseCloudMusic-Bridging-Header.h */ = {isa = PBXFileReference; lastKnownFileType = sourcecode.c.h; path = "NetEaseCloudMusic-Bridging-Header.h"; sourceTree = "<group>"; };
		DE79E6ED1D163B35006B9926 /* RankRoundLabel.swift */ = {isa = PBXFileReference; fileEncoding = 4; lastKnownFileType = sourcecode.swift; name = RankRoundLabel.swift; path = Common/RankRoundLabel.swift; sourceTree = "<group>"; };
		DE79E6EF1D167209006B9926 /* AtMineListTableView.swift */ = {isa = PBXFileReference; fileEncoding = 4; lastKnownFileType = sourcecode.swift; name = AtMineListTableView.swift; path = Account/AtMineListTableView.swift; sourceTree = "<group>"; };
		DE79E6F11D167232006B9926 /* PrivateMessageListTableView.swift */ = {isa = PBXFileReference; fileEncoding = 4; lastKnownFileType = sourcecode.swift; name = PrivateMessageListTableView.swift; path = Account/PrivateMessageListTableView.swift; sourceTree = "<group>"; };
		DE79E6F31D167262006B9926 /* CommentListTableView.swift */ = {isa = PBXFileReference; fileEncoding = 4; lastKnownFileType = sourcecode.swift; name = CommentListTableView.swift; path = Account/CommentListTableView.swift; sourceTree = "<group>"; };
		DE79E6F51D167282006B9926 /* BaseTableView.swift */ = {isa = PBXFileReference; fileEncoding = 4; lastKnownFileType = sourcecode.swift; name = BaseTableView.swift; path = Common/BaseTableView.swift; sourceTree = "<group>"; };
		DE79E6F71D1672BE006B9926 /* NotificationListTableView.swift */ = {isa = PBXFileReference; fileEncoding = 4; lastKnownFileType = sourcecode.swift; name = NotificationListTableView.swift; path = Account/NotificationListTableView.swift; sourceTree = "<group>"; };
		DE79E6FA1D1677C2006B9926 /* HasInfoSegmentedControl.swift */ = {isa = PBXFileReference; fileEncoding = 4; lastKnownFileType = sourcecode.swift; name = HasInfoSegmentedControl.swift; path = Common/HasInfoSegmentedControl.swift; sourceTree = "<group>"; };
		DEAB13C11D1518D2001FD8E8 /* BaseViewController.swift */ = {isa = PBXFileReference; fileEncoding = 4; lastKnownFileType = sourcecode.swift; name = BaseViewController.swift; path = Common/BaseViewController.swift; sourceTree = "<group>"; };
		DEC8F3101D23E0B700C30661 /* NetworkMusicApi.swift */ = {isa = PBXFileReference; fileEncoding = 4; lastKnownFileType = sourcecode.swift; name = NetworkMusicApi.swift; path = API/NetworkMusicApi.swift; sourceTree = "<group>"; };
		DED58E101D5C8C8600ED8A74 /* SongLyric.swift */ = {isa = PBXFileReference; fileEncoding = 4; lastKnownFileType = sourcecode.swift; name = SongLyric.swift; path = Model/SongLyric.swift; sourceTree = "<group>"; };
		DED58E121D5C8D0900ED8A74 /* SongInfo.swift */ = {isa = PBXFileReference; fileEncoding = 4; lastKnownFileType = sourcecode.swift; name = SongInfo.swift; path = Model/SongInfo.swift; sourceTree = "<group>"; };
/* End PBXFileReference section */

/* Begin PBXFrameworksBuildPhase section */
		DE2654721D101A860083F742 /* Frameworks */ = {
			isa = PBXFrameworksBuildPhase;
			buildActionMask = 2147483647;
			files = (
				EB11B0F7C0EE28112D75A367 /* Pods.framework in Frameworks */,
			);
			runOnlyForDeploymentPostprocessing = 0;
		};
		DE2654881D101A860083F742 /* Frameworks */ = {
			isa = PBXFrameworksBuildPhase;
			buildActionMask = 2147483647;
			files = (
			);
			runOnlyForDeploymentPostprocessing = 0;
		};
		DE2654931D101A860083F742 /* Frameworks */ = {
			isa = PBXFrameworksBuildPhase;
			buildActionMask = 2147483647;
			files = (
			);
			runOnlyForDeploymentPostprocessing = 0;
		};
/* End PBXFrameworksBuildPhase section */

/* Begin PBXGroup section */
		2BF63923C7212F1DBCF7D30B /* Pods */ = {
			isa = PBXGroup;
			children = (
				C681789F70D8D427BB9A1604 /* Pods.debug.xcconfig */,
				C2FE4E75AA0B108BB1B196B5 /* Pods.release.xcconfig */,
			);
			name = Pods;
			sourceTree = "<group>";
		};
		A02A3EE51D40FBDD00A3956F /* Vendor */ = {
			isa = PBXGroup;
			children = (
				A02A3EE31D40FBD100A3956F /* MarqueeLabel.swift */,
			);
			name = Vendor;
			sourceTree = "<group>";
		};
		A02A3EE81D4360B900A3956F /* Service */ = {
			isa = PBXGroup;
			children = (
				A02A3EE61D435D1300A3956F /* PlaySongService.swift */,
			);
			name = Service;
			sourceTree = "<group>";
		};
		DE13AB121D3511D5004BA90C /* Model */ = {
			isa = PBXGroup;
			children = (
				DE13AB101D3511D0004BA90C /* SongSheet.swift */,
				DE13AB1C1D379290004BA90C /* CertainSongSheet.swift */,
				DED58E101D5C8C8600ED8A74 /* SongLyric.swift */,
				DED58E121D5C8D0900ED8A74 /* SongInfo.swift */,
			);
			name = Model;
			sourceTree = "<group>";
		};
		DE19D2151D12DB03008A575C /* Util */ = {
			isa = PBXGroup;
			children = (
				DE19D2131D12DAFC008A575C /* FixedValue.swift */,
			);
			name = Util;
			sourceTree = "<group>";
		};
		DE26546C1D101A860083F742 = {
			isa = PBXGroup;
			children = (
				DE2654771D101A860083F742 /* NetEaseCloudMusic */,
				DE26548E1D101A860083F742 /* NetEaseCloudMusicTests */,
				DE2654991D101A860083F742 /* NetEaseCloudMusicUITests */,
				DE2654761D101A860083F742 /* Products */,
				2BF63923C7212F1DBCF7D30B /* Pods */,
				DFA7455DED046E4D37EE8D4B /* Frameworks */,
			);
			sourceTree = "<group>";
		};
		DE2654761D101A860083F742 /* Products */ = {
			isa = PBXGroup;
			children = (
				DE2654751D101A860083F742 /* NetEaseCloudMusic.app */,
				DE26548B1D101A860083F742 /* NetEaseCloudMusicTests.xctest */,
				DE2654961D101A860083F742 /* NetEaseCloudMusicUITests.xctest */,
			);
			name = Products;
			sourceTree = "<group>";
		};
		DE2654771D101A860083F742 /* NetEaseCloudMusic */ = {
			isa = PBXGroup;
			children = (
				DE2654861D101A860083F742 /* Info.plist */,
				DE2654811D101A860083F742 /* Assets.xcassets */,
				DE2654831D101A860083F742 /* LaunchScreen.storyboard */,
				DE26547E1D101A860083F742 /* Main.storyboard */,
				DE2654781D101A860083F742 /* AppDelegate.swift */,
				DE42A5A61D2D26FF002D3B60 /* NetEaseCloudMusic-Bridging-Header.h */,
				DE19D2151D12DB03008A575C /* Util */,
				DE4068551D12A3240067F0FE /* Common */,
				DE2654AC1D101D4B0083F742 /* FindMusic */,
				DE2654AF1D101D7F0083F742 /* MyMusic */,
				DE2654B21D101DAD0083F742 /* Friend */,
				DE2654B51D101DD60083F742 /* Account */,
				DE35EB831D30E68400485339 /* Resources */,
				DEC8F3121D23E0BC00C30661 /* API */,
				A02A3EE51D40FBDD00A3956F /* Vendor */,
				A02A3EE81D4360B900A3956F /* Service */,
			);
			path = NetEaseCloudMusic;
			sourceTree = "<group>";
		};
		DE26548E1D101A860083F742 /* NetEaseCloudMusicTests */ = {
			isa = PBXGroup;
			children = (
				DE26548F1D101A860083F742 /* NetEaseCloudMusicTests.swift */,
				DE2654911D101A860083F742 /* Info.plist */,
			);
			path = NetEaseCloudMusicTests;
			sourceTree = "<group>";
		};
		DE2654991D101A860083F742 /* NetEaseCloudMusicUITests */ = {
			isa = PBXGroup;
			children = (
				DE26549A1D101A860083F742 /* NetEaseCloudMusicUITests.swift */,
				DE26549C1D101A860083F742 /* Info.plist */,
			);
			path = NetEaseCloudMusicUITests;
			sourceTree = "<group>";
		};
		DE2654AC1D101D4B0083F742 /* FindMusic */ = {
			isa = PBXGroup;
			children = (
				DE2654AA1D101D440083F742 /* FindMusicViewController.swift */,
				DE2654C01D10249D0083F742 /* SoundHoundViewController.swift */,
				DE2654E21D1028C60083F742 /* ContentVC */,
				DE13AB121D3511D5004BA90C /* Model */,
			);
			name = FindMusic;
			sourceTree = "<group>";
		};
		DE2654AF1D101D7F0083F742 /* MyMusic */ = {
			isa = PBXGroup;
			children = (
				DE2654AD1D101D7A0083F742 /* MyMusicViewController.swift */,
				DE13AB1E1D37AAE1004BA90C /* PlaySongViewController.swift */,
				DE13AB1F1D37AAE1004BA90C /* PlaySongViewController.xib */,
				A02A3EE91D44BF6600A3956F /* SwipeDiscScrollView.swift */,
				DE2654E31D1028FE0083F742 /* More */,
				DE2654E61D10295D0083F742 /* DownLoad */,
				DE2654E91D1029A20083F742 /* RecentPlayed */,
				DE2654EA1D1029DE0083F742 /* MySingerViewController.swift */,
				DE2654EE1D102A0C0083F742 /* MyMV */,
				DE2654F31D102AA10083F742 /* MyRadio */,
			);
			name = MyMusic;
			sourceTree = "<group>";
		};
		DE2654B21D101DAD0083F742 /* Friend */ = {
			isa = PBXGroup;
			children = (
				DE2654B01D101DA90083F742 /* FriendViewController.swift */,
				DE2654C81D1025C70083F742 /* AddFocusViewController.swift */,
				DE2654CA1D1025E60083F742 /* FocusViewController.swift */,
				DE2654CC1D1025F90083F742 /* NearByViewController.swift */,
			);
			name = Friend;
			sourceTree = "<group>";
		};
		DE2654B51D101DD60083F742 /* Account */ = {
			isa = PBXGroup;
			children = (
				DE2654B31D101DD30083F742 /* AccountViewController.swift */,
				DE2654F71D103A8D0083F742 /* AccountTableViewCell.swift */,
				DE2654F41D10301D0083F742 /* ContentVC */,
			);
			name = Account;
			sourceTree = "<group>";
		};
		DE2654E21D1028C60083F742 /* ContentVC */ = {
			isa = PBXGroup;
			children = (
				DE2654B81D1022F10083F742 /* RecommendViewController.swift */,
				DE2654BA1D10232C0083F742 /* SongSheetViewController.swift */,
				DE13AB1A1D378CD9004BA90C /* CertainSongSheetViewController.swift */,
				DE2654BC1D10236F0083F742 /* RadioViewController.swift */,
				DE2654BE1D1023990083F742 /* RankListViewController.swift */,
			);
			name = ContentVC;
			sourceTree = "<group>";
		};
		DE2654E31D1028FE0083F742 /* More */ = {
			isa = PBXGroup;
			children = (
				DE2654C41D1025460083F742 /* AddSongSheetViewController.swift */,
				DE2654C61D1025730083F742 /* MyMusicCloudBoxViewController.swift */,
			);
			name = More;
			sourceTree = "<group>";
		};
		DE2654E61D10295D0083F742 /* DownLoad */ = {
			isa = PBXGroup;
			children = (
				DE2654E41D1029590083F742 /* DownLoadViewController.swift */,
			);
			name = DownLoad;
			sourceTree = "<group>";
		};
		DE2654E91D1029A20083F742 /* RecentPlayed */ = {
			isa = PBXGroup;
			children = (
				DE2654E71D10299F0083F742 /* RecentPlayedViewController.swift */,
			);
			name = RecentPlayed;
			sourceTree = "<group>";
		};
		DE2654EE1D102A0C0083F742 /* MyMV */ = {
			isa = PBXGroup;
			children = (
				DE2654EC1D102A070083F742 /* MyMVViewController.swift */,
			);
			name = MyMV;
			sourceTree = "<group>";
		};
		DE2654F31D102AA10083F742 /* MyRadio */ = {
			isa = PBXGroup;
			children = (
				DE2654F11D102A9D0083F742 /* MyRadioViewController.swift */,
			);
			name = MyRadio;
			sourceTree = "<group>";
		};
		DE2654F41D10301D0083F742 /* ContentVC */ = {
			isa = PBXGroup;
			children = (
				DE79E6F91D1672CC006B9926 /* MyMessage */,
				DE2654D01D1026B50083F742 /* PaidMusicViewController.swift */,
				DE2654D21D1026DA0083F742 /* PointMallViewController.swift */,
				DE2654D41D10271A0083F742 /* OnlineFreePlayViewController.swift */,
				DE2654D61D1027540083F742 /* SettingViewController.swift */,
				DE2654D81D1027780083F742 /* ThemeSkinViewController.swift */,
				DE2654DA1D1027CA0083F742 /* CountDownViewController.swift */,
				DE2654DC1D1027E40083F742 /* MusicAlarmViewController.swift */,
				DE2654DE1D1027FF0083F742 /* DrivingModeViewController.swift */,
				DE2654E01D1028160083F742 /* AboutViewController.swift */,
			);
			name = ContentVC;
			sourceTree = "<group>";
		};
		DE35EB831D30E68400485339 /* Resources */ = {
			isa = PBXGroup;
			children = (
				DE35EB811D30E66D00485339 /* SongSheets.geojson */,
				DE35EB841D30E89F00485339 /* SongSheetDetails.geojson */,
			);
			name = Resources;
			path = ..;
			sourceTree = "<group>";
		};
		DE4068551D12A3240067F0FE /* Common */ = {
			isa = PBXGroup;
			children = (
				DE79E6F51D167282006B9926 /* BaseTableView.swift */,
				DE4068531D12A3190067F0FE /* BaseTableViewCell.swift */,
				DE4068561D12A4DA0067F0FE /* RoundNumberLabel.swift */,
				DE79E6ED1D163B35006B9926 /* RankRoundLabel.swift */,
				DEAB13C11D1518D2001FD8E8 /* BaseViewController.swift */,
				A0BE95BE1D157ABB009A84F0 /* HeadIconView.swift */,
				DE79E6FA1D1677C2006B9926 /* HasInfoSegmentedControl.swift */,
			);
			name = Common;
			sourceTree = "<group>";
		};
		DE79E6F91D1672CC006B9926 /* MyMessage */ = {
			isa = PBXGroup;
			children = (
				DE2654CE1D1026710083F742 /* MyMessageViewController.swift */,
				DE79E6EF1D167209006B9926 /* AtMineListTableView.swift */,
				DE79E6F11D167232006B9926 /* PrivateMessageListTableView.swift */,
				DE79E6F31D167262006B9926 /* CommentListTableView.swift */,
				DE2474721D1AB83C00EBAA37 /* CommentCell.swift */,
				DE2474731D1AB83C00EBAA37 /* CommentCell.xib */,
				DE79E6F71D1672BE006B9926 /* NotificationListTableView.swift */,
			);
			name = MyMessage;
			sourceTree = "<group>";
		};
		DEC8F3121D23E0BC00C30661 /* API */ = {
			isa = PBXGroup;
			children = (
				DEC8F3101D23E0B700C30661 /* NetworkMusicApi.swift */,
			);
			name = API;
			sourceTree = "<group>";
		};
		DFA7455DED046E4D37EE8D4B /* Frameworks */ = {
			isa = PBXGroup;
			children = (
				D42FA2A00EA9169F711A1E81 /* Pods.framework */,
			);
			name = Frameworks;
			sourceTree = "<group>";
		};
/* End PBXGroup section */

/* Begin PBXNativeTarget section */
		DE2654741D101A860083F742 /* NetEaseCloudMusic */ = {
			isa = PBXNativeTarget;
			buildConfigurationList = DE26549F1D101A860083F742 /* Build configuration list for PBXNativeTarget "NetEaseCloudMusic" */;
			buildPhases = (
				39616E5D14E70B703CD8A92A /* Check Pods Manifest.lock */,
				DE2654711D101A860083F742 /* Sources */,
				DE2654721D101A860083F742 /* Frameworks */,
				DE2654731D101A860083F742 /* Resources */,
				7723313C856F8013CCCDB762 /* Embed Pods Frameworks */,
				21AC9F49F70667ECF863948E /* Copy Pods Resources */,
			);
			buildRules = (
			);
			dependencies = (
			);
			name = NetEaseCloudMusic;
			productName = NetEaseCloudMusic;
			productReference = DE2654751D101A860083F742 /* NetEaseCloudMusic.app */;
			productType = "com.apple.product-type.application";
		};
		DE26548A1D101A860083F742 /* NetEaseCloudMusicTests */ = {
			isa = PBXNativeTarget;
			buildConfigurationList = DE2654A21D101A860083F742 /* Build configuration list for PBXNativeTarget "NetEaseCloudMusicTests" */;
			buildPhases = (
				DE2654871D101A860083F742 /* Sources */,
				DE2654881D101A860083F742 /* Frameworks */,
				DE2654891D101A860083F742 /* Resources */,
			);
			buildRules = (
			);
			dependencies = (
				DE26548D1D101A860083F742 /* PBXTargetDependency */,
			);
			name = NetEaseCloudMusicTests;
			productName = NetEaseCloudMusicTests;
			productReference = DE26548B1D101A860083F742 /* NetEaseCloudMusicTests.xctest */;
			productType = "com.apple.product-type.bundle.unit-test";
		};
		DE2654951D101A860083F742 /* NetEaseCloudMusicUITests */ = {
			isa = PBXNativeTarget;
			buildConfigurationList = DE2654A51D101A860083F742 /* Build configuration list for PBXNativeTarget "NetEaseCloudMusicUITests" */;
			buildPhases = (
				DE2654921D101A860083F742 /* Sources */,
				DE2654931D101A860083F742 /* Frameworks */,
				DE2654941D101A860083F742 /* Resources */,
			);
			buildRules = (
			);
			dependencies = (
				DE2654981D101A860083F742 /* PBXTargetDependency */,
			);
			name = NetEaseCloudMusicUITests;
			productName = NetEaseCloudMusicUITests;
			productReference = DE2654961D101A860083F742 /* NetEaseCloudMusicUITests.xctest */;
			productType = "com.apple.product-type.bundle.ui-testing";
		};
/* End PBXNativeTarget section */

/* Begin PBXProject section */
		DE26546D1D101A860083F742 /* Project object */ = {
			isa = PBXProject;
			attributes = {
				LastSwiftUpdateCheck = 0730;
				LastUpgradeCheck = 0730;
				ORGANIZATIONNAME = Ampire_Dan;
				TargetAttributes = {
					DE2654741D101A860083F742 = {
						CreatedOnToolsVersion = 7.3.1;
					};
					DE26548A1D101A860083F742 = {
						CreatedOnToolsVersion = 7.3.1;
						TestTargetID = DE2654741D101A860083F742;
					};
					DE2654951D101A860083F742 = {
						CreatedOnToolsVersion = 7.3.1;
						TestTargetID = DE2654741D101A860083F742;
					};
				};
			};
			buildConfigurationList = DE2654701D101A860083F742 /* Build configuration list for PBXProject "NetEaseCloudMusic" */;
			compatibilityVersion = "Xcode 3.2";
			developmentRegion = English;
			hasScannedForEncodings = 0;
			knownRegions = (
				en,
				Base,
			);
			mainGroup = DE26546C1D101A860083F742;
			productRefGroup = DE2654761D101A860083F742 /* Products */;
			projectDirPath = "";
			projectRoot = "";
			targets = (
				DE2654741D101A860083F742 /* NetEaseCloudMusic */,
				DE26548A1D101A860083F742 /* NetEaseCloudMusicTests */,
				DE2654951D101A860083F742 /* NetEaseCloudMusicUITests */,
			);
		};
/* End PBXProject section */

/* Begin PBXResourcesBuildPhase section */
		DE2654731D101A860083F742 /* Resources */ = {
			isa = PBXResourcesBuildPhase;
			buildActionMask = 2147483647;
			files = (
				DE2654851D101A860083F742 /* LaunchScreen.storyboard in Resources */,
				DE2654821D101A860083F742 /* Assets.xcassets in Resources */,
				DE13AB211D37AAE1004BA90C /* PlaySongViewController.xib in Resources */,
				DE2654801D101A860083F742 /* Main.storyboard in Resources */,
				DE2474751D1AB83C00EBAA37 /* CommentCell.xib in Resources */,
				DE35EB821D30E66D00485339 /* SongSheets.geojson in Resources */,
				DE35EB851D30E89F00485339 /* SongSheetDetails.geojson in Resources */,
			);
			runOnlyForDeploymentPostprocessing = 0;
		};
		DE2654891D101A860083F742 /* Resources */ = {
			isa = PBXResourcesBuildPhase;
			buildActionMask = 2147483647;
			files = (
			);
			runOnlyForDeploymentPostprocessing = 0;
		};
		DE2654941D101A860083F742 /* Resources */ = {
			isa = PBXResourcesBuildPhase;
			buildActionMask = 2147483647;
			files = (
			);
			runOnlyForDeploymentPostprocessing = 0;
		};
/* End PBXResourcesBuildPhase section */

/* Begin PBXShellScriptBuildPhase section */
		21AC9F49F70667ECF863948E /* Copy Pods Resources */ = {
			isa = PBXShellScriptBuildPhase;
			buildActionMask = 2147483647;
			files = (
			);
			inputPaths = (
			);
			name = "Copy Pods Resources";
			outputPaths = (
			);
			runOnlyForDeploymentPostprocessing = 0;
			shellPath = /bin/sh;
			shellScript = "\"${SRCROOT}/Pods/Target Support Files/Pods/Pods-resources.sh\"\n";
			showEnvVarsInLog = 0;
		};
		39616E5D14E70B703CD8A92A /* Check Pods Manifest.lock */ = {
			isa = PBXShellScriptBuildPhase;
			buildActionMask = 2147483647;
			files = (
			);
			inputPaths = (
			);
			name = "Check Pods Manifest.lock";
			outputPaths = (
			);
			runOnlyForDeploymentPostprocessing = 0;
			shellPath = /bin/sh;
			shellScript = "diff \"${PODS_ROOT}/../Podfile.lock\" \"${PODS_ROOT}/Manifest.lock\" > /dev/null\nif [[ $? != 0 ]] ; then\n    cat << EOM\nerror: The sandbox is not in sync with the Podfile.lock. Run 'pod install' or update your CocoaPods installation.\nEOM\n    exit 1\nfi\n";
			showEnvVarsInLog = 0;
		};
		7723313C856F8013CCCDB762 /* Embed Pods Frameworks */ = {
			isa = PBXShellScriptBuildPhase;
			buildActionMask = 2147483647;
			files = (
			);
			inputPaths = (
			);
			name = "Embed Pods Frameworks";
			outputPaths = (
			);
			runOnlyForDeploymentPostprocessing = 0;
			shellPath = /bin/sh;
			shellScript = "\"${SRCROOT}/Pods/Target Support Files/Pods/Pods-frameworks.sh\"\n";
			showEnvVarsInLog = 0;
		};
/* End PBXShellScriptBuildPhase section */

/* Begin PBXSourcesBuildPhase section */
		DE2654711D101A860083F742 /* Sources */ = {
			isa = PBXSourcesBuildPhase;
			buildActionMask = 2147483647;
			files = (
				DE2654B11D101DA90083F742 /* FriendViewController.swift in Sources */,
				DE2654CB1D1025E60083F742 /* FocusViewController.swift in Sources */,
				DE2654DB1D1027CA0083F742 /* CountDownViewController.swift in Sources */,
				DE2654ED1D102A070083F742 /* MyMVViewController.swift in Sources */,
				DE13AB1B1D378CD9004BA90C /* CertainSongSheetViewController.swift in Sources */,
				A02A3EEA1D44BF6600A3956F /* SwipeDiscScrollView.swift in Sources */,
				DE2654F21D102A9D0083F742 /* MyRadioViewController.swift in Sources */,
				DE2474741D1AB83C00EBAA37 /* CommentCell.swift in Sources */,
				DE79E6FB1D1677C2006B9926 /* HasInfoSegmentedControl.swift in Sources */,
				DED58E111D5C8C8600ED8A74 /* SongLyric.swift in Sources */,
				DEAB13C21D1518D2001FD8E8 /* BaseViewController.swift in Sources */,
				DE2654F81D103A8D0083F742 /* AccountTableViewCell.swift in Sources */,
				DE2654D11D1026B50083F742 /* PaidMusicViewController.swift in Sources */,
				DE2654C11D10249D0083F742 /* SoundHoundViewController.swift in Sources */,
				DE2654DF1D1027FF0083F742 /* DrivingModeViewController.swift in Sources */,
				DE2654B41D101DD30083F742 /* AccountViewController.swift in Sources */,
				DE2654D71D1027540083F742 /* SettingViewController.swift in Sources */,
				DE2654BF1D1023990083F742 /* RankListViewController.swift in Sources */,
				DED58E131D5C8D0900ED8A74 /* SongInfo.swift in Sources */,
				DE2654EB1D1029DE0083F742 /* MySingerViewController.swift in Sources */,
				DE2654CD1D1025F90083F742 /* NearByViewController.swift in Sources */,
				DE2654CF1D1026710083F742 /* MyMessageViewController.swift in Sources */,
				DE13AB201D37AAE1004BA90C /* PlaySongViewController.swift in Sources */,
				DE13AB111D3511D0004BA90C /* SongSheet.swift in Sources */,
				DE2654BD1D10236F0083F742 /* RadioViewController.swift in Sources */,
				DE4068541D12A3190067F0FE /* BaseTableViewCell.swift in Sources */,
				DE79E6F01D167209006B9926 /* AtMineListTableView.swift in Sources */,
				DE79E6F81D1672BE006B9926 /* NotificationListTableView.swift in Sources */,
				DE2654BB1D10232C0083F742 /* SongSheetViewController.swift in Sources */,
				DE2654C71D1025730083F742 /* MyMusicCloudBoxViewController.swift in Sources */,
				DE2654C91D1025C70083F742 /* AddFocusViewController.swift in Sources */,
				DE79E6F61D167282006B9926 /* BaseTableView.swift in Sources */,
				A02A3EE71D435D1400A3956F /* PlaySongService.swift in Sources */,
				DE79E6F41D167262006B9926 /* CommentListTableView.swift in Sources */,
				DE2654D91D1027780083F742 /* ThemeSkinViewController.swift in Sources */,
				DE2654C51D1025460083F742 /* AddSongSheetViewController.swift in Sources */,
				DE2654D51D10271A0083F742 /* OnlineFreePlayViewController.swift in Sources */,
				DE79E6F21D167232006B9926 /* PrivateMessageListTableView.swift in Sources */,
				DE2654E51D1029590083F742 /* DownLoadViewController.swift in Sources */,
				DE2654791D101A860083F742 /* AppDelegate.swift in Sources */,
				DE2654AE1D101D7A0083F742 /* MyMusicViewController.swift in Sources */,
				A0BE95BF1D157ABB009A84F0 /* HeadIconView.swift in Sources */,
				DE13AB1D1D379290004BA90C /* CertainSongSheet.swift in Sources */,
				DE79E6EE1D163B35006B9926 /* RankRoundLabel.swift in Sources */,
				DE4068571D12A4DA0067F0FE /* RoundNumberLabel.swift in Sources */,
				DE2654AB1D101D440083F742 /* FindMusicViewController.swift in Sources */,
				DE2654B91D1022F10083F742 /* RecommendViewController.swift in Sources */,
				DE2654E81D10299F0083F742 /* RecentPlayedViewController.swift in Sources */,
				DE2654DD1D1027E40083F742 /* MusicAlarmViewController.swift in Sources */,
				DE2654E11D1028160083F742 /* AboutViewController.swift in Sources */,
				DE2654D31D1026DA0083F742 /* PointMallViewController.swift in Sources */,
				A02A3EE41D40FBD100A3956F /* MarqueeLabel.swift in Sources */,
				DE19D2141D12DAFC008A575C /* FixedValue.swift in Sources */,
				DEC8F3111D23E0B700C30661 /* NetworkMusicApi.swift in Sources */,
			);
			runOnlyForDeploymentPostprocessing = 0;
		};
		DE2654871D101A860083F742 /* Sources */ = {
			isa = PBXSourcesBuildPhase;
			buildActionMask = 2147483647;
			files = (
				DE2654901D101A860083F742 /* NetEaseCloudMusicTests.swift in Sources */,
			);
			runOnlyForDeploymentPostprocessing = 0;
		};
		DE2654921D101A860083F742 /* Sources */ = {
			isa = PBXSourcesBuildPhase;
			buildActionMask = 2147483647;
			files = (
				DE26549B1D101A860083F742 /* NetEaseCloudMusicUITests.swift in Sources */,
			);
			runOnlyForDeploymentPostprocessing = 0;
		};
/* End PBXSourcesBuildPhase section */

/* Begin PBXTargetDependency section */
		DE26548D1D101A860083F742 /* PBXTargetDependency */ = {
			isa = PBXTargetDependency;
			target = DE2654741D101A860083F742 /* NetEaseCloudMusic */;
			targetProxy = DE26548C1D101A860083F742 /* PBXContainerItemProxy */;
		};
		DE2654981D101A860083F742 /* PBXTargetDependency */ = {
			isa = PBXTargetDependency;
			target = DE2654741D101A860083F742 /* NetEaseCloudMusic */;
			targetProxy = DE2654971D101A860083F742 /* PBXContainerItemProxy */;
		};
/* End PBXTargetDependency section */

/* Begin PBXVariantGroup section */
		DE26547E1D101A860083F742 /* Main.storyboard */ = {
			isa = PBXVariantGroup;
			children = (
				DE26547F1D101A860083F742 /* Base */,
			);
			name = Main.storyboard;
			sourceTree = "<group>";
		};
		DE2654831D101A860083F742 /* LaunchScreen.storyboard */ = {
			isa = PBXVariantGroup;
			children = (
				DE2654841D101A860083F742 /* Base */,
			);
			name = LaunchScreen.storyboard;
			sourceTree = "<group>";
		};
/* End PBXVariantGroup section */

/* Begin XCBuildConfiguration section */
		DE26549D1D101A860083F742 /* Debug */ = {
			isa = XCBuildConfiguration;
			buildSettings = {
				ALWAYS_SEARCH_USER_PATHS = NO;
				CLANG_ANALYZER_NONNULL = YES;
				CLANG_CXX_LANGUAGE_STANDARD = "gnu++0x";
				CLANG_CXX_LIBRARY = "libc++";
				CLANG_ENABLE_MODULES = YES;
				CLANG_ENABLE_OBJC_ARC = YES;
				CLANG_WARN_BOOL_CONVERSION = YES;
				CLANG_WARN_CONSTANT_CONVERSION = YES;
				CLANG_WARN_DIRECT_OBJC_ISA_USAGE = YES_ERROR;
				CLANG_WARN_EMPTY_BODY = YES;
				CLANG_WARN_ENUM_CONVERSION = YES;
				CLANG_WARN_INT_CONVERSION = YES;
				CLANG_WARN_OBJC_ROOT_CLASS = YES_ERROR;
				CLANG_WARN_UNREACHABLE_CODE = YES;
				CLANG_WARN__DUPLICATE_METHOD_MATCH = YES;
				"CODE_SIGN_IDENTITY[sdk=iphoneos*]" = "iPhone Developer";
				COPY_PHASE_STRIP = NO;
				DEBUG_INFORMATION_FORMAT = dwarf;
				ENABLE_STRICT_OBJC_MSGSEND = YES;
				ENABLE_TESTABILITY = YES;
				GCC_C_LANGUAGE_STANDARD = gnu99;
				GCC_DYNAMIC_NO_PIC = NO;
				GCC_NO_COMMON_BLOCKS = YES;
				GCC_OPTIMIZATION_LEVEL = 0;
				GCC_PREPROCESSOR_DEFINITIONS = (
					"DEBUG=1",
					"$(inherited)",
				);
				GCC_WARN_64_TO_32_BIT_CONVERSION = YES;
				GCC_WARN_ABOUT_RETURN_TYPE = YES_ERROR;
				GCC_WARN_UNDECLARED_SELECTOR = YES;
				GCC_WARN_UNINITIALIZED_AUTOS = YES_AGGRESSIVE;
				GCC_WARN_UNUSED_FUNCTION = YES;
				GCC_WARN_UNUSED_VARIABLE = YES;
				IPHONEOS_DEPLOYMENT_TARGET = 9.0;
				MTL_ENABLE_DEBUG_INFO = YES;
				ONLY_ACTIVE_ARCH = YES;
				SDKROOT = iphoneos;
				SWIFT_OPTIMIZATION_LEVEL = "-Onone";
				TARGETED_DEVICE_FAMILY = "1,2";
			};
			name = Debug;
		};
		DE26549E1D101A860083F742 /* Release */ = {
			isa = XCBuildConfiguration;
			buildSettings = {
				ALWAYS_SEARCH_USER_PATHS = NO;
				CLANG_ANALYZER_NONNULL = YES;
				CLANG_CXX_LANGUAGE_STANDARD = "gnu++0x";
				CLANG_CXX_LIBRARY = "libc++";
				CLANG_ENABLE_MODULES = YES;
				CLANG_ENABLE_OBJC_ARC = YES;
				CLANG_WARN_BOOL_CONVERSION = YES;
				CLANG_WARN_CONSTANT_CONVERSION = YES;
				CLANG_WARN_DIRECT_OBJC_ISA_USAGE = YES_ERROR;
				CLANG_WARN_EMPTY_BODY = YES;
				CLANG_WARN_ENUM_CONVERSION = YES;
				CLANG_WARN_INT_CONVERSION = YES;
				CLANG_WARN_OBJC_ROOT_CLASS = YES_ERROR;
				CLANG_WARN_UNREACHABLE_CODE = YES;
				CLANG_WARN__DUPLICATE_METHOD_MATCH = YES;
				"CODE_SIGN_IDENTITY[sdk=iphoneos*]" = "iPhone Developer";
				COPY_PHASE_STRIP = NO;
				DEBUG_INFORMATION_FORMAT = "dwarf-with-dsym";
				ENABLE_NS_ASSERTIONS = NO;
				ENABLE_STRICT_OBJC_MSGSEND = YES;
				GCC_C_LANGUAGE_STANDARD = gnu99;
				GCC_NO_COMMON_BLOCKS = YES;
				GCC_WARN_64_TO_32_BIT_CONVERSION = YES;
				GCC_WARN_ABOUT_RETURN_TYPE = YES_ERROR;
				GCC_WARN_UNDECLARED_SELECTOR = YES;
				GCC_WARN_UNINITIALIZED_AUTOS = YES_AGGRESSIVE;
				GCC_WARN_UNUSED_FUNCTION = YES;
				GCC_WARN_UNUSED_VARIABLE = YES;
				IPHONEOS_DEPLOYMENT_TARGET = 9.0;
				MTL_ENABLE_DEBUG_INFO = NO;
				SDKROOT = iphoneos;
				TARGETED_DEVICE_FAMILY = "1,2";
				VALIDATE_PRODUCT = YES;
			};
			name = Release;
		};
		DE2654A01D101A860083F742 /* Debug */ = {
			isa = XCBuildConfiguration;
			baseConfigurationReference = C681789F70D8D427BB9A1604 /* Pods.debug.xcconfig */;
			buildSettings = {
				ASSETCATALOG_COMPILER_APPICON_NAME = AppIcon;
				CLANG_ENABLE_MODULES = YES;
				CODE_SIGN_IDENTITY = "iPhone Developer";
				"CODE_SIGN_IDENTITY[sdk=iphoneos*]" = "iPhone Developer";
				INFOPLIST_FILE = NetEaseCloudMusic/Info.plist;
				LD_RUNPATH_SEARCH_PATHS = "$(inherited) @executable_path/Frameworks";
				PRODUCT_BUNDLE_IDENTIFIER = com.danlee.NetEaseCloudMusic;
				PRODUCT_NAME = "$(TARGET_NAME)";
				PROVISIONING_PROFILE = "";
				SWIFT_OBJC_BRIDGING_HEADER = "NetEaseCloudMusic/NetEaseCloudMusic-Bridging-Header.h";
				SWIFT_OPTIMIZATION_LEVEL = "-Onone";
			};
			name = Debug;
		};
		DE2654A11D101A860083F742 /* Release */ = {
			isa = XCBuildConfiguration;
			baseConfigurationReference = C2FE4E75AA0B108BB1B196B5 /* Pods.release.xcconfig */;
			buildSettings = {
				ASSETCATALOG_COMPILER_APPICON_NAME = AppIcon;
				CLANG_ENABLE_MODULES = YES;
				CODE_SIGN_IDENTITY = "iPhone Developer";
				"CODE_SIGN_IDENTITY[sdk=iphoneos*]" = "iPhone Developer";
				INFOPLIST_FILE = NetEaseCloudMusic/Info.plist;
				LD_RUNPATH_SEARCH_PATHS = "$(inherited) @executable_path/Frameworks";
				PRODUCT_BUNDLE_IDENTIFIER = com.danlee.NetEaseCloudMusic;
				PRODUCT_NAME = "$(TARGET_NAME)";
				PROVISIONING_PROFILE = "";
				SWIFT_OBJC_BRIDGING_HEADER = "NetEaseCloudMusic/NetEaseCloudMusic-Bridging-Header.h";
			};
			name = Release;
		};
		DE2654A31D101A860083F742 /* Debug */ = {
			isa = XCBuildConfiguration;
			buildSettings = {
				BUNDLE_LOADER = "$(TEST_HOST)";
				INFOPLIST_FILE = NetEaseCloudMusicTests/Info.plist;
				LD_RUNPATH_SEARCH_PATHS = "$(inherited) @executable_path/Frameworks @loader_path/Frameworks";
				PRODUCT_BUNDLE_IDENTIFIER = com.danlee.NetEaseCloudMusicTests;
				PRODUCT_NAME = "$(TARGET_NAME)";
				TEST_HOST = "$(BUILT_PRODUCTS_DIR)/NetEaseCloudMusic.app/NetEaseCloudMusic";
			};
			name = Debug;
		};
		DE2654A41D101A860083F742 /* Release */ = {
			isa = XCBuildConfiguration;
			buildSettings = {
				BUNDLE_LOADER = "$(TEST_HOST)";
				INFOPLIST_FILE = NetEaseCloudMusicTests/Info.plist;
				LD_RUNPATH_SEARCH_PATHS = "$(inherited) @executable_path/Frameworks @loader_path/Frameworks";
				PRODUCT_BUNDLE_IDENTIFIER = com.danlee.NetEaseCloudMusicTests;
				PRODUCT_NAME = "$(TARGET_NAME)";
				TEST_HOST = "$(BUILT_PRODUCTS_DIR)/NetEaseCloudMusic.app/NetEaseCloudMusic";
			};
			name = Release;
		};
		DE2654A61D101A860083F742 /* Debug */ = {
			isa = XCBuildConfiguration;
			buildSettings = {
				INFOPLIST_FILE = NetEaseCloudMusicUITests/Info.plist;
				LD_RUNPATH_SEARCH_PATHS = "$(inherited) @executable_path/Frameworks @loader_path/Frameworks";
				PRODUCT_BUNDLE_IDENTIFIER = com.danlee.NetEaseCloudMusicUITests;
				PRODUCT_NAME = "$(TARGET_NAME)";
				TEST_TARGET_NAME = NetEaseCloudMusic;
			};
			name = Debug;
		};
		DE2654A71D101A860083F742 /* Release */ = {
			isa = XCBuildConfiguration;
			buildSettings = {
				INFOPLIST_FILE = NetEaseCloudMusicUITests/Info.plist;
				LD_RUNPATH_SEARCH_PATHS = "$(inherited) @executable_path/Frameworks @loader_path/Frameworks";
				PRODUCT_BUNDLE_IDENTIFIER = com.danlee.NetEaseCloudMusicUITests;
				PRODUCT_NAME = "$(TARGET_NAME)";
				TEST_TARGET_NAME = NetEaseCloudMusic;
			};
			name = Release;
		};
/* End XCBuildConfiguration section */

/* Begin XCConfigurationList section */
		DE2654701D101A860083F742 /* Build configuration list for PBXProject "NetEaseCloudMusic" */ = {
			isa = XCConfigurationList;
			buildConfigurations = (
				DE26549D1D101A860083F742 /* Debug */,
				DE26549E1D101A860083F742 /* Release */,
			);
			defaultConfigurationIsVisible = 0;
			defaultConfigurationName = Release;
		};
		DE26549F1D101A860083F742 /* Build configuration list for PBXNativeTarget "NetEaseCloudMusic" */ = {
			isa = XCConfigurationList;
			buildConfigurations = (
				DE2654A01D101A860083F742 /* Debug */,
				DE2654A11D101A860083F742 /* Release */,
			);
			defaultConfigurationIsVisible = 0;
			defaultConfigurationName = Release;
		};
		DE2654A21D101A860083F742 /* Build configuration list for PBXNativeTarget "NetEaseCloudMusicTests" */ = {
			isa = XCConfigurationList;
			buildConfigurations = (
				DE2654A31D101A860083F742 /* Debug */,
				DE2654A41D101A860083F742 /* Release */,
			);
			defaultConfigurationIsVisible = 0;
			defaultConfigurationName = Release;
		};
		DE2654A51D101A860083F742 /* Build configuration list for PBXNativeTarget "NetEaseCloudMusicUITests" */ = {
			isa = XCConfigurationList;
			buildConfigurations = (
				DE2654A61D101A860083F742 /* Debug */,
				DE2654A71D101A860083F742 /* Release */,
			);
			defaultConfigurationIsVisible = 0;
			defaultConfigurationName = Release;
		};
/* End XCConfigurationList section */
	};
	rootObject = DE26546D1D101A860083F742 /* Project object */;
}
