<?xml version="1.0" encoding="UTF-8"?>
<!DOCTYPE plist PUBLIC "-//Apple//DTD PLIST 1.0//EN" "http://www.apple.com/DTDs/PropertyList-1.0.dtd">
<plist version="1.0">
<dict>
	<key>archiveVersion</key>
	<string>1</string>
	<key>classes</key>
	<dict/>
	<key>objectVersion</key>
	<string>46</string>
	<key>objects</key>
	<dict>
		<key>21AC9F49F70667ECF863948E</key>
		<dict>
			<key>buildActionMask</key>
			<string>2147483647</string>
			<key>files</key>
			<array/>
			<key>inputPaths</key>
			<array/>
			<key>isa</key>
			<string>PBXShellScriptBuildPhase</string>
			<key>name</key>
			<string>Copy Pods Resources</string>
			<key>outputPaths</key>
			<array/>
			<key>runOnlyForDeploymentPostprocessing</key>
			<string>0</string>
			<key>shellPath</key>
			<string>/bin/sh</string>
			<key>shellScript</key>
			<string>"${SRCROOT}/Pods/Target Support Files/Pods/Pods-resources.sh"
</string>
			<key>showEnvVarsInLog</key>
			<string>0</string>
		</dict>
		<key>2BF63923C7212F1DBCF7D30B</key>
		<dict>
			<key>children</key>
			<array>
				<string>C681789F70D8D427BB9A1604</string>
				<string>C2FE4E75AA0B108BB1B196B5</string>
			</array>
			<key>isa</key>
			<string>PBXGroup</string>
			<key>name</key>
			<string>Pods</string>
			<key>sourceTree</key>
			<string>&lt;group&gt;</string>
		</dict>
		<key>39616E5D14E70B703CD8A92A</key>
		<dict>
			<key>buildActionMask</key>
			<string>2147483647</string>
			<key>files</key>
			<array/>
			<key>inputPaths</key>
			<array/>
			<key>isa</key>
			<string>PBXShellScriptBuildPhase</string>
			<key>name</key>
			<string>Check Pods Manifest.lock</string>
			<key>outputPaths</key>
			<array/>
			<key>runOnlyForDeploymentPostprocessing</key>
			<string>0</string>
			<key>shellPath</key>
			<string>/bin/sh</string>
			<key>shellScript</key>
			<string>diff "${PODS_ROOT}/../Podfile.lock" "${PODS_ROOT}/Manifest.lock" &gt; /dev/null
if [[ $? != 0 ]] ; then
    cat &lt;&lt; EOM
error: The sandbox is not in sync with the Podfile.lock. Run 'pod install' or update your CocoaPods installation.
EOM
    exit 1
fi
</string>
			<key>showEnvVarsInLog</key>
			<string>0</string>
		</dict>
		<key>7723313C856F8013CCCDB762</key>
		<dict>
			<key>buildActionMask</key>
			<string>2147483647</string>
			<key>files</key>
			<array/>
			<key>inputPaths</key>
			<array/>
			<key>isa</key>
			<string>PBXShellScriptBuildPhase</string>
			<key>name</key>
			<string>Embed Pods Frameworks</string>
			<key>outputPaths</key>
			<array/>
			<key>runOnlyForDeploymentPostprocessing</key>
			<string>0</string>
			<key>shellPath</key>
			<string>/bin/sh</string>
			<key>shellScript</key>
			<string>"${SRCROOT}/Pods/Target Support Files/Pods/Pods-frameworks.sh"
</string>
			<key>showEnvVarsInLog</key>
			<string>0</string>
		</dict>
		<key>C2FE4E75AA0B108BB1B196B5</key>
		<dict>
			<key>includeInIndex</key>
			<string>1</string>
			<key>isa</key>
			<string>PBXFileReference</string>
			<key>lastKnownFileType</key>
			<string>text.xcconfig</string>
			<key>name</key>
			<string>Pods.release.xcconfig</string>
			<key>path</key>
			<string>Pods/Target Support Files/Pods/Pods.release.xcconfig</string>
			<key>sourceTree</key>
			<string>&lt;group&gt;</string>
		</dict>
		<key>C681789F70D8D427BB9A1604</key>
		<dict>
			<key>includeInIndex</key>
			<string>1</string>
			<key>isa</key>
			<string>PBXFileReference</string>
			<key>lastKnownFileType</key>
			<string>text.xcconfig</string>
			<key>name</key>
			<string>Pods.debug.xcconfig</string>
			<key>path</key>
			<string>Pods/Target Support Files/Pods/Pods.debug.xcconfig</string>
			<key>sourceTree</key>
			<string>&lt;group&gt;</string>
		</dict>
		<key>D42FA2A00EA9169F711A1E81</key>
		<dict>
			<key>explicitFileType</key>
			<string>wrapper.framework</string>
			<key>includeInIndex</key>
			<string>0</string>
			<key>isa</key>
			<string>PBXFileReference</string>
			<key>path</key>
			<string>Pods.framework</string>
			<key>sourceTree</key>
			<string>BUILT_PRODUCTS_DIR</string>
		</dict>
		<key>DE26546C1D101A860083F742</key>
		<dict>
			<key>children</key>
			<array>
				<string>DE2654771D101A860083F742</string>
				<string>DE26548E1D101A860083F742</string>
				<string>DE2654991D101A860083F742</string>
				<string>DE2654761D101A860083F742</string>
				<string>2BF63923C7212F1DBCF7D30B</string>
				<string>DFA7455DED046E4D37EE8D4B</string>
			</array>
			<key>isa</key>
			<string>PBXGroup</string>
			<key>sourceTree</key>
			<string>&lt;group&gt;</string>
		</dict>
		<key>DE26546D1D101A860083F742</key>
		<dict>
			<key>attributes</key>
			<dict>
				<key>LastSwiftUpdateCheck</key>
				<string>0730</string>
				<key>LastUpgradeCheck</key>
				<string>0730</string>
				<key>ORGANIZATIONNAME</key>
				<string>Ampire_Dan</string>
				<key>TargetAttributes</key>
				<dict>
					<key>DE2654741D101A860083F742</key>
					<dict>
						<key>CreatedOnToolsVersion</key>
						<string>7.3.1</string>
					</dict>
					<key>DE26548A1D101A860083F742</key>
					<dict>
						<key>CreatedOnToolsVersion</key>
						<string>7.3.1</string>
						<key>TestTargetID</key>
						<string>DE2654741D101A860083F742</string>
					</dict>
					<key>DE2654951D101A860083F742</key>
					<dict>
						<key>CreatedOnToolsVersion</key>
						<string>7.3.1</string>
						<key>TestTargetID</key>
						<string>DE2654741D101A860083F742</string>
					</dict>
				</dict>
			</dict>
			<key>buildConfigurationList</key>
			<string>DE2654701D101A860083F742</string>
			<key>compatibilityVersion</key>
			<string>Xcode 3.2</string>
			<key>developmentRegion</key>
			<string>English</string>
			<key>hasScannedForEncodings</key>
			<string>0</string>
			<key>isa</key>
			<string>PBXProject</string>
			<key>knownRegions</key>
			<array>
				<string>en</string>
				<string>Base</string>
			</array>
			<key>mainGroup</key>
			<string>DE26546C1D101A860083F742</string>
			<key>productRefGroup</key>
			<string>DE2654761D101A860083F742</string>
			<key>projectDirPath</key>
			<string></string>
			<key>projectReferences</key>
			<array/>
			<key>projectRoot</key>
			<string></string>
			<key>targets</key>
			<array>
				<string>DE2654741D101A860083F742</string>
				<string>DE26548A1D101A860083F742</string>
				<string>DE2654951D101A860083F742</string>
			</array>
		</dict>
		<key>DE2654701D101A860083F742</key>
		<dict>
			<key>buildConfigurations</key>
			<array>
				<string>DE26549D1D101A860083F742</string>
				<string>DE26549E1D101A860083F742</string>
			</array>
			<key>defaultConfigurationIsVisible</key>
			<string>0</string>
			<key>defaultConfigurationName</key>
			<string>Release</string>
			<key>isa</key>
			<string>XCConfigurationList</string>
		</dict>
		<key>DE2654711D101A860083F742</key>
		<dict>
			<key>buildActionMask</key>
			<string>2147483647</string>
			<key>files</key>
			<array>
				<string>DE2654B11D101DA90083F742</string>
				<string>DE2654CB1D1025E60083F742</string>
				<string>DE2654DB1D1027CA0083F742</string>
				<string>DE2654ED1D102A070083F742</string>
				<string>DE2654F21D102A9D0083F742</string>
				<string>DE2654F81D103A8D0083F742</string>
				<string>DE2654D11D1026B50083F742</string>
				<string>DE2654C11D10249D0083F742</string>
				<string>DE2654DF1D1027FF0083F742</string>
				<string>DE2654B41D101DD30083F742</string>
				<string>DE2654D71D1027540083F742</string>
				<string>DE2654BF1D1023990083F742</string>
				<string>DE2654EB1D1029DE0083F742</string>
				<string>DE2654CD1D1025F90083F742</string>
				<string>DE2654CF1D1026710083F742</string>
				<string>DE2654BD1D10236F0083F742</string>
				<string>DE2654BB1D10232C0083F742</string>
				<string>DE2654C71D1025730083F742</string>
				<string>DE2654C91D1025C70083F742</string>
				<string>DE2654D91D1027780083F742</string>
				<string>DE2654C51D1025460083F742</string>
				<string>DE2654D51D10271A0083F742</string>
				<string>DE2654E51D1029590083F742</string>
				<string>DE2654791D101A860083F742</string>
				<string>DE2654AE1D101D7A0083F742</string>
				<string>DE2654C31D1024F90083F742</string>
				<string>DE2654AB1D101D440083F742</string>
				<string>DE2654B91D1022F10083F742</string>
				<string>DE2654E81D10299F0083F742</string>
				<string>DE2654DD1D1027E40083F742</string>
				<string>DE2654E11D1028160083F742</string>
				<string>DE2654D31D1026DA0083F742</string>
			</array>
			<key>isa</key>
			<string>PBXSourcesBuildPhase</string>
			<key>runOnlyForDeploymentPostprocessing</key>
			<string>0</string>
		</dict>
		<key>DE2654721D101A860083F742</key>
		<dict>
			<key>buildActionMask</key>
			<string>2147483647</string>
			<key>files</key>
			<array>
				<string>EB11B0F7C0EE28112D75A367</string>
			</array>
			<key>isa</key>
			<string>PBXFrameworksBuildPhase</string>
			<key>runOnlyForDeploymentPostprocessing</key>
			<string>0</string>
		</dict>
		<key>DE2654731D101A860083F742</key>
		<dict>
			<key>buildActionMask</key>
			<string>2147483647</string>
			<key>files</key>
			<array>
				<string>DE2654851D101A860083F742</string>
				<string>DE2654821D101A860083F742</string>
				<string>DE2654801D101A860083F742</string>
			</array>
			<key>isa</key>
			<string>PBXResourcesBuildPhase</string>
			<key>runOnlyForDeploymentPostprocessing</key>
			<string>0</string>
		</dict>
		<key>DE2654741D101A860083F742</key>
		<dict>
			<key>buildConfigurationList</key>
			<string>DE26549F1D101A860083F742</string>
			<key>buildPhases</key>
			<array>
				<string>39616E5D14E70B703CD8A92A</string>
				<string>DE2654711D101A860083F742</string>
				<string>DE2654721D101A860083F742</string>
				<string>DE2654731D101A860083F742</string>
				<string>7723313C856F8013CCCDB762</string>
				<string>21AC9F49F70667ECF863948E</string>
			</array>
			<key>buildRules</key>
			<array/>
			<key>dependencies</key>
			<array/>
			<key>isa</key>
			<string>PBXNativeTarget</string>
			<key>name</key>
			<string>NetEaseCloudMusic</string>
			<key>productName</key>
			<string>NetEaseCloudMusic</string>
			<key>productReference</key>
			<string>DE2654751D101A860083F742</string>
			<key>productType</key>
			<string>com.apple.product-type.application</string>
		</dict>
		<key>DE2654751D101A860083F742</key>
		<dict>
			<key>explicitFileType</key>
			<string>wrapper.application</string>
			<key>includeInIndex</key>
			<string>0</string>
			<key>isa</key>
			<string>PBXFileReference</string>
			<key>path</key>
			<string>NetEaseCloudMusic.app</string>
			<key>sourceTree</key>
			<string>BUILT_PRODUCTS_DIR</string>
		</dict>
		<key>DE2654761D101A860083F742</key>
		<dict>
			<key>children</key>
			<array>
				<string>DE2654751D101A860083F742</string>
				<string>DE26548B1D101A860083F742</string>
				<string>DE2654961D101A860083F742</string>
			</array>
			<key>isa</key>
			<string>PBXGroup</string>
			<key>name</key>
			<string>Products</string>
			<key>sourceTree</key>
			<string>&lt;group&gt;</string>
		</dict>
		<key>DE2654771D101A860083F742</key>
		<dict>
			<key>children</key>
			<array>
				<string>DE2654861D101A860083F742</string>
				<string>DE2654811D101A860083F742</string>
				<string>DE2654831D101A860083F742</string>
				<string>DE26547E1D101A860083F742</string>
				<string>DE2654781D101A860083F742</string>
				<string>DE2654AC1D101D4B0083F742</string>
				<string>DE2654AF1D101D7F0083F742</string>
				<string>DE2654B21D101DAD0083F742</string>
				<string>DE2654B51D101DD60083F742</string>
			</array>
			<key>isa</key>
			<string>PBXGroup</string>
			<key>path</key>
			<string>NetEaseCloudMusic</string>
			<key>sourceTree</key>
			<string>&lt;group&gt;</string>
		</dict>
		<key>DE2654781D101A860083F742</key>
		<dict>
			<key>isa</key>
			<string>PBXFileReference</string>
			<key>lastKnownFileType</key>
			<string>sourcecode.swift</string>
			<key>path</key>
			<string>AppDelegate.swift</string>
			<key>sourceTree</key>
			<string>&lt;group&gt;</string>
		</dict>
		<key>DE2654791D101A860083F742</key>
		<dict>
			<key>fileRef</key>
			<string>DE2654781D101A860083F742</string>
			<key>isa</key>
			<string>PBXBuildFile</string>
		</dict>
		<key>DE26547E1D101A860083F742</key>
		<dict>
			<key>children</key>
			<array>
				<string>DE26547F1D101A860083F742</string>
			</array>
			<key>isa</key>
			<string>PBXVariantGroup</string>
			<key>name</key>
			<string>Main.storyboard</string>
			<key>sourceTree</key>
			<string>&lt;group&gt;</string>
		</dict>
		<key>DE26547F1D101A860083F742</key>
		<dict>
			<key>isa</key>
			<string>PBXFileReference</string>
			<key>lastKnownFileType</key>
			<string>file.storyboard</string>
			<key>name</key>
			<string>Base</string>
			<key>path</key>
			<string>Base.lproj/Main.storyboard</string>
			<key>sourceTree</key>
			<string>&lt;group&gt;</string>
		</dict>
		<key>DE2654801D101A860083F742</key>
		<dict>
			<key>fileRef</key>
			<string>DE26547E1D101A860083F742</string>
			<key>isa</key>
			<string>PBXBuildFile</string>
		</dict>
		<key>DE2654811D101A860083F742</key>
		<dict>
			<key>isa</key>
			<string>PBXFileReference</string>
			<key>lastKnownFileType</key>
			<string>folder.assetcatalog</string>
			<key>path</key>
			<string>Assets.xcassets</string>
			<key>sourceTree</key>
			<string>&lt;group&gt;</string>
		</dict>
		<key>DE2654821D101A860083F742</key>
		<dict>
			<key>fileRef</key>
			<string>DE2654811D101A860083F742</string>
			<key>isa</key>
			<string>PBXBuildFile</string>
		</dict>
		<key>DE2654831D101A860083F742</key>
		<dict>
			<key>children</key>
			<array>
				<string>DE2654841D101A860083F742</string>
			</array>
			<key>isa</key>
			<string>PBXVariantGroup</string>
			<key>name</key>
			<string>LaunchScreen.storyboard</string>
			<key>sourceTree</key>
			<string>&lt;group&gt;</string>
		</dict>
		<key>DE2654841D101A860083F742</key>
		<dict>
			<key>isa</key>
			<string>PBXFileReference</string>
			<key>lastKnownFileType</key>
			<string>file.storyboard</string>
			<key>name</key>
			<string>Base</string>
			<key>path</key>
			<string>Base.lproj/LaunchScreen.storyboard</string>
			<key>sourceTree</key>
			<string>&lt;group&gt;</string>
		</dict>
		<key>DE2654851D101A860083F742</key>
		<dict>
			<key>fileRef</key>
			<string>DE2654831D101A860083F742</string>
			<key>isa</key>
			<string>PBXBuildFile</string>
		</dict>
		<key>DE2654861D101A860083F742</key>
		<dict>
			<key>isa</key>
			<string>PBXFileReference</string>
			<key>lastKnownFileType</key>
			<string>text.plist.xml</string>
			<key>path</key>
			<string>Info.plist</string>
			<key>sourceTree</key>
			<string>&lt;group&gt;</string>
		</dict>
		<key>DE2654871D101A860083F742</key>
		<dict>
			<key>buildActionMask</key>
			<string>2147483647</string>
			<key>files</key>
			<array>
				<string>DE2654901D101A860083F742</string>
			</array>
			<key>isa</key>
			<string>PBXSourcesBuildPhase</string>
			<key>runOnlyForDeploymentPostprocessing</key>
			<string>0</string>
		</dict>
		<key>DE2654881D101A860083F742</key>
		<dict>
			<key>buildActionMask</key>
			<string>2147483647</string>
			<key>files</key>
			<array/>
			<key>isa</key>
			<string>PBXFrameworksBuildPhase</string>
			<key>runOnlyForDeploymentPostprocessing</key>
			<string>0</string>
		</dict>
		<key>DE2654891D101A860083F742</key>
		<dict>
			<key>buildActionMask</key>
			<string>2147483647</string>
			<key>files</key>
			<array/>
			<key>isa</key>
			<string>PBXResourcesBuildPhase</string>
			<key>runOnlyForDeploymentPostprocessing</key>
			<string>0</string>
		</dict>
		<key>DE26548A1D101A860083F742</key>
		<dict>
			<key>buildConfigurationList</key>
			<string>DE2654A21D101A860083F742</string>
			<key>buildPhases</key>
			<array>
				<string>DE2654871D101A860083F742</string>
				<string>DE2654881D101A860083F742</string>
				<string>DE2654891D101A860083F742</string>
			</array>
			<key>buildRules</key>
			<array/>
			<key>dependencies</key>
			<array>
				<string>DE26548D1D101A860083F742</string>
			</array>
			<key>isa</key>
			<string>PBXNativeTarget</string>
			<key>name</key>
			<string>NetEaseCloudMusicTests</string>
			<key>productName</key>
			<string>NetEaseCloudMusicTests</string>
			<key>productReference</key>
			<string>DE26548B1D101A860083F742</string>
			<key>productType</key>
			<string>com.apple.product-type.bundle.unit-test</string>
		</dict>
		<key>DE26548B1D101A860083F742</key>
		<dict>
			<key>explicitFileType</key>
			<string>wrapper.cfbundle</string>
			<key>includeInIndex</key>
			<string>0</string>
			<key>isa</key>
			<string>PBXFileReference</string>
			<key>path</key>
			<string>NetEaseCloudMusicTests.xctest</string>
			<key>sourceTree</key>
			<string>BUILT_PRODUCTS_DIR</string>
		</dict>
		<key>DE26548C1D101A860083F742</key>
		<dict>
			<key>containerPortal</key>
			<string>DE26546D1D101A860083F742</string>
			<key>isa</key>
			<string>PBXContainerItemProxy</string>
			<key>proxyType</key>
			<string>1</string>
			<key>remoteGlobalIDString</key>
			<string>DE2654741D101A860083F742</string>
			<key>remoteInfo</key>
			<string>NetEaseCloudMusic</string>
		</dict>
		<key>DE26548D1D101A860083F742</key>
		<dict>
			<key>isa</key>
			<string>PBXTargetDependency</string>
			<key>target</key>
			<string>DE2654741D101A860083F742</string>
			<key>targetProxy</key>
			<string>DE26548C1D101A860083F742</string>
		</dict>
		<key>DE26548E1D101A860083F742</key>
		<dict>
			<key>children</key>
			<array>
				<string>DE26548F1D101A860083F742</string>
				<string>DE2654911D101A860083F742</string>
			</array>
			<key>isa</key>
			<string>PBXGroup</string>
			<key>path</key>
			<string>NetEaseCloudMusicTests</string>
			<key>sourceTree</key>
			<string>&lt;group&gt;</string>
		</dict>
		<key>DE26548F1D101A860083F742</key>
		<dict>
			<key>isa</key>
			<string>PBXFileReference</string>
			<key>lastKnownFileType</key>
			<string>sourcecode.swift</string>
			<key>path</key>
			<string>NetEaseCloudMusicTests.swift</string>
			<key>sourceTree</key>
			<string>&lt;group&gt;</string>
		</dict>
		<key>DE2654901D101A860083F742</key>
		<dict>
			<key>fileRef</key>
			<string>DE26548F1D101A860083F742</string>
			<key>isa</key>
			<string>PBXBuildFile</string>
		</dict>
		<key>DE2654911D101A860083F742</key>
		<dict>
			<key>isa</key>
			<string>PBXFileReference</string>
			<key>lastKnownFileType</key>
			<string>text.plist.xml</string>
			<key>path</key>
			<string>Info.plist</string>
			<key>sourceTree</key>
			<string>&lt;group&gt;</string>
		</dict>
		<key>DE2654921D101A860083F742</key>
		<dict>
			<key>buildActionMask</key>
			<string>2147483647</string>
			<key>files</key>
			<array>
				<string>DE26549B1D101A860083F742</string>
			</array>
			<key>isa</key>
			<string>PBXSourcesBuildPhase</string>
			<key>runOnlyForDeploymentPostprocessing</key>
			<string>0</string>
		</dict>
		<key>DE2654931D101A860083F742</key>
		<dict>
			<key>buildActionMask</key>
			<string>2147483647</string>
			<key>files</key>
			<array/>
			<key>isa</key>
			<string>PBXFrameworksBuildPhase</string>
			<key>runOnlyForDeploymentPostprocessing</key>
			<string>0</string>
		</dict>
		<key>DE2654941D101A860083F742</key>
		<dict>
			<key>buildActionMask</key>
			<string>2147483647</string>
			<key>files</key>
			<array/>
			<key>isa</key>
			<string>PBXResourcesBuildPhase</string>
			<key>runOnlyForDeploymentPostprocessing</key>
			<string>0</string>
		</dict>
		<key>DE2654951D101A860083F742</key>
		<dict>
			<key>buildConfigurationList</key>
			<string>DE2654A51D101A860083F742</string>
			<key>buildPhases</key>
			<array>
				<string>DE2654921D101A860083F742</string>
				<string>DE2654931D101A860083F742</string>
				<string>DE2654941D101A860083F742</string>
			</array>
			<key>buildRules</key>
			<array/>
			<key>dependencies</key>
			<array>
				<string>DE2654981D101A860083F742</string>
			</array>
			<key>isa</key>
			<string>PBXNativeTarget</string>
			<key>name</key>
			<string>NetEaseCloudMusicUITests</string>
			<key>productName</key>
			<string>NetEaseCloudMusicUITests</string>
			<key>productReference</key>
			<string>DE2654961D101A860083F742</string>
			<key>productType</key>
			<string>com.apple.product-type.bundle.ui-testing</string>
		</dict>
		<key>DE2654961D101A860083F742</key>
		<dict>
			<key>explicitFileType</key>
			<string>wrapper.cfbundle</string>
			<key>includeInIndex</key>
			<string>0</string>
			<key>isa</key>
			<string>PBXFileReference</string>
			<key>path</key>
			<string>NetEaseCloudMusicUITests.xctest</string>
			<key>sourceTree</key>
			<string>BUILT_PRODUCTS_DIR</string>
		</dict>
		<key>DE2654971D101A860083F742</key>
		<dict>
			<key>containerPortal</key>
			<string>DE26546D1D101A860083F742</string>
			<key>isa</key>
			<string>PBXContainerItemProxy</string>
			<key>proxyType</key>
			<string>1</string>
			<key>remoteGlobalIDString</key>
			<string>DE2654741D101A860083F742</string>
			<key>remoteInfo</key>
			<string>NetEaseCloudMusic</string>
		</dict>
		<key>DE2654981D101A860083F742</key>
		<dict>
			<key>isa</key>
			<string>PBXTargetDependency</string>
			<key>target</key>
			<string>DE2654741D101A860083F742</string>
			<key>targetProxy</key>
			<string>DE2654971D101A860083F742</string>
		</dict>
		<key>DE2654991D101A860083F742</key>
		<dict>
			<key>children</key>
			<array>
				<string>DE26549A1D101A860083F742</string>
				<string>DE26549C1D101A860083F742</string>
			</array>
			<key>isa</key>
			<string>PBXGroup</string>
			<key>path</key>
			<string>NetEaseCloudMusicUITests</string>
			<key>sourceTree</key>
			<string>&lt;group&gt;</string>
		</dict>
		<key>DE26549A1D101A860083F742</key>
		<dict>
			<key>isa</key>
			<string>PBXFileReference</string>
			<key>lastKnownFileType</key>
			<string>sourcecode.swift</string>
			<key>path</key>
			<string>NetEaseCloudMusicUITests.swift</string>
			<key>sourceTree</key>
			<string>&lt;group&gt;</string>
		</dict>
		<key>DE26549B1D101A860083F742</key>
		<dict>
			<key>fileRef</key>
			<string>DE26549A1D101A860083F742</string>
			<key>isa</key>
			<string>PBXBuildFile</string>
		</dict>
		<key>DE26549C1D101A860083F742</key>
		<dict>
			<key>isa</key>
			<string>PBXFileReference</string>
			<key>lastKnownFileType</key>
			<string>text.plist.xml</string>
			<key>path</key>
			<string>Info.plist</string>
			<key>sourceTree</key>
			<string>&lt;group&gt;</string>
		</dict>
		<key>DE26549D1D101A860083F742</key>
		<dict>
			<key>buildSettings</key>
			<dict>
				<key>ALWAYS_SEARCH_USER_PATHS</key>
				<string>NO</string>
				<key>CLANG_ANALYZER_NONNULL</key>
				<string>YES</string>
				<key>CLANG_CXX_LANGUAGE_STANDARD</key>
				<string>gnu++0x</string>
				<key>CLANG_CXX_LIBRARY</key>
				<string>libc++</string>
				<key>CLANG_ENABLE_MODULES</key>
				<string>YES</string>
				<key>CLANG_ENABLE_OBJC_ARC</key>
				<string>YES</string>
				<key>CLANG_WARN_BOOL_CONVERSION</key>
				<string>YES</string>
				<key>CLANG_WARN_CONSTANT_CONVERSION</key>
				<string>YES</string>
				<key>CLANG_WARN_DIRECT_OBJC_ISA_USAGE</key>
				<string>YES_ERROR</string>
				<key>CLANG_WARN_EMPTY_BODY</key>
				<string>YES</string>
				<key>CLANG_WARN_ENUM_CONVERSION</key>
				<string>YES</string>
				<key>CLANG_WARN_INT_CONVERSION</key>
				<string>YES</string>
				<key>CLANG_WARN_OBJC_ROOT_CLASS</key>
				<string>YES_ERROR</string>
				<key>CLANG_WARN_UNREACHABLE_CODE</key>
				<string>YES</string>
				<key>CLANG_WARN__DUPLICATE_METHOD_MATCH</key>
				<string>YES</string>
				<key>CODE_SIGN_IDENTITY[sdk=iphoneos*]</key>
				<string>iPhone Developer</string>
				<key>COPY_PHASE_STRIP</key>
				<string>NO</string>
				<key>DEBUG_INFORMATION_FORMAT</key>
				<string>dwarf</string>
				<key>ENABLE_STRICT_OBJC_MSGSEND</key>
				<string>YES</string>
				<key>ENABLE_TESTABILITY</key>
				<string>YES</string>
				<key>GCC_C_LANGUAGE_STANDARD</key>
				<string>gnu99</string>
				<key>GCC_DYNAMIC_NO_PIC</key>
				<string>NO</string>
				<key>GCC_NO_COMMON_BLOCKS</key>
				<string>YES</string>
				<key>GCC_OPTIMIZATION_LEVEL</key>
				<string>0</string>
				<key>GCC_PREPROCESSOR_DEFINITIONS</key>
				<array>
					<string>DEBUG=1</string>
					<string>$(inherited)</string>
				</array>
				<key>GCC_WARN_64_TO_32_BIT_CONVERSION</key>
				<string>YES</string>
				<key>GCC_WARN_ABOUT_RETURN_TYPE</key>
				<string>YES_ERROR</string>
				<key>GCC_WARN_UNDECLARED_SELECTOR</key>
				<string>YES</string>
				<key>GCC_WARN_UNINITIALIZED_AUTOS</key>
				<string>YES_AGGRESSIVE</string>
				<key>GCC_WARN_UNUSED_FUNCTION</key>
				<string>YES</string>
				<key>GCC_WARN_UNUSED_VARIABLE</key>
				<string>YES</string>
				<key>IPHONEOS_DEPLOYMENT_TARGET</key>
				<string>9.3</string>
				<key>MTL_ENABLE_DEBUG_INFO</key>
				<string>YES</string>
				<key>ONLY_ACTIVE_ARCH</key>
				<string>YES</string>
				<key>SDKROOT</key>
				<string>iphoneos</string>
				<key>SWIFT_OPTIMIZATION_LEVEL</key>
				<string>-Onone</string>
				<key>TARGETED_DEVICE_FAMILY</key>
				<string>1,2</string>
			</dict>
			<key>isa</key>
			<string>XCBuildConfiguration</string>
			<key>name</key>
			<string>Debug</string>
		</dict>
		<key>DE26549E1D101A860083F742</key>
		<dict>
			<key>buildSettings</key>
			<dict>
				<key>ALWAYS_SEARCH_USER_PATHS</key>
				<string>NO</string>
				<key>CLANG_ANALYZER_NONNULL</key>
				<string>YES</string>
				<key>CLANG_CXX_LANGUAGE_STANDARD</key>
				<string>gnu++0x</string>
				<key>CLANG_CXX_LIBRARY</key>
				<string>libc++</string>
				<key>CLANG_ENABLE_MODULES</key>
				<string>YES</string>
				<key>CLANG_ENABLE_OBJC_ARC</key>
				<string>YES</string>
				<key>CLANG_WARN_BOOL_CONVERSION</key>
				<string>YES</string>
				<key>CLANG_WARN_CONSTANT_CONVERSION</key>
				<string>YES</string>
				<key>CLANG_WARN_DIRECT_OBJC_ISA_USAGE</key>
				<string>YES_ERROR</string>
				<key>CLANG_WARN_EMPTY_BODY</key>
				<string>YES</string>
				<key>CLANG_WARN_ENUM_CONVERSION</key>
				<string>YES</string>
				<key>CLANG_WARN_INT_CONVERSION</key>
				<string>YES</string>
				<key>CLANG_WARN_OBJC_ROOT_CLASS</key>
				<string>YES_ERROR</string>
				<key>CLANG_WARN_UNREACHABLE_CODE</key>
				<string>YES</string>
				<key>CLANG_WARN__DUPLICATE_METHOD_MATCH</key>
				<string>YES</string>
				<key>CODE_SIGN_IDENTITY[sdk=iphoneos*]</key>
				<string>iPhone Developer</string>
				<key>COPY_PHASE_STRIP</key>
				<string>NO</string>
				<key>DEBUG_INFORMATION_FORMAT</key>
				<string>dwarf-with-dsym</string>
				<key>ENABLE_NS_ASSERTIONS</key>
				<string>NO</string>
				<key>ENABLE_STRICT_OBJC_MSGSEND</key>
				<string>YES</string>
				<key>GCC_C_LANGUAGE_STANDARD</key>
				<string>gnu99</string>
				<key>GCC_NO_COMMON_BLOCKS</key>
				<string>YES</string>
				<key>GCC_WARN_64_TO_32_BIT_CONVERSION</key>
				<string>YES</string>
				<key>GCC_WARN_ABOUT_RETURN_TYPE</key>
				<string>YES_ERROR</string>
				<key>GCC_WARN_UNDECLARED_SELECTOR</key>
				<string>YES</string>
				<key>GCC_WARN_UNINITIALIZED_AUTOS</key>
				<string>YES_AGGRESSIVE</string>
				<key>GCC_WARN_UNUSED_FUNCTION</key>
				<string>YES</string>
				<key>GCC_WARN_UNUSED_VARIABLE</key>
				<string>YES</string>
				<key>IPHONEOS_DEPLOYMENT_TARGET</key>
				<string>9.3</string>
				<key>MTL_ENABLE_DEBUG_INFO</key>
				<string>NO</string>
				<key>SDKROOT</key>
				<string>iphoneos</string>
				<key>TARGETED_DEVICE_FAMILY</key>
				<string>1,2</string>
				<key>VALIDATE_PRODUCT</key>
				<string>YES</string>
			</dict>
			<key>isa</key>
			<string>XCBuildConfiguration</string>
			<key>name</key>
			<string>Release</string>
		</dict>
		<key>DE26549F1D101A860083F742</key>
		<dict>
			<key>buildConfigurations</key>
			<array>
				<string>DE2654A01D101A860083F742</string>
				<string>DE2654A11D101A860083F742</string>
			</array>
			<key>defaultConfigurationIsVisible</key>
			<string>0</string>
			<key>defaultConfigurationName</key>
			<string>Release</string>
			<key>isa</key>
			<string>XCConfigurationList</string>
		</dict>
		<key>DE2654A01D101A860083F742</key>
		<dict>
			<key>baseConfigurationReference</key>
			<string>C681789F70D8D427BB9A1604</string>
			<key>buildSettings</key>
			<dict>
				<key>ASSETCATALOG_COMPILER_APPICON_NAME</key>
				<string>AppIcon</string>
				<key>CODE_SIGN_IDENTITY</key>
				<string>iPhone Developer</string>
				<key>INFOPLIST_FILE</key>
				<string>NetEaseCloudMusic/Info.plist</string>
				<key>LD_RUNPATH_SEARCH_PATHS</key>
				<string>$(inherited) @executable_path/Frameworks</string>
				<key>PRODUCT_BUNDLE_IDENTIFIER</key>
				<string>com.danlee.NetEaseCloudMusic</string>
				<key>PRODUCT_NAME</key>
				<string>$(TARGET_NAME)</string>
			</dict>
			<key>isa</key>
			<string>XCBuildConfiguration</string>
			<key>name</key>
			<string>Debug</string>
		</dict>
		<key>DE2654A11D101A860083F742</key>
		<dict>
			<key>baseConfigurationReference</key>
			<string>C2FE4E75AA0B108BB1B196B5</string>
			<key>buildSettings</key>
			<dict>
				<key>ASSETCATALOG_COMPILER_APPICON_NAME</key>
				<string>AppIcon</string>
				<key>CODE_SIGN_IDENTITY</key>
				<string>iPhone Developer</string>
				<key>INFOPLIST_FILE</key>
				<string>NetEaseCloudMusic/Info.plist</string>
				<key>LD_RUNPATH_SEARCH_PATHS</key>
				<string>$(inherited) @executable_path/Frameworks</string>
				<key>PRODUCT_BUNDLE_IDENTIFIER</key>
				<string>com.danlee.NetEaseCloudMusic</string>
				<key>PRODUCT_NAME</key>
				<string>$(TARGET_NAME)</string>
			</dict>
			<key>isa</key>
			<string>XCBuildConfiguration</string>
			<key>name</key>
			<string>Release</string>
		</dict>
		<key>DE2654A21D101A860083F742</key>
		<dict>
			<key>buildConfigurations</key>
			<array>
				<string>DE2654A31D101A860083F742</string>
				<string>DE2654A41D101A860083F742</string>
			</array>
			<key>defaultConfigurationIsVisible</key>
			<string>0</string>
			<key>defaultConfigurationName</key>
			<string>Release</string>
			<key>isa</key>
			<string>XCConfigurationList</string>
		</dict>
		<key>DE2654A31D101A860083F742</key>
		<dict>
			<key>buildSettings</key>
			<dict>
				<key>BUNDLE_LOADER</key>
				<string>$(TEST_HOST)</string>
				<key>INFOPLIST_FILE</key>
				<string>NetEaseCloudMusicTests/Info.plist</string>
				<key>LD_RUNPATH_SEARCH_PATHS</key>
				<string>$(inherited) @executable_path/Frameworks @loader_path/Frameworks</string>
				<key>PRODUCT_BUNDLE_IDENTIFIER</key>
				<string>com.danlee.NetEaseCloudMusicTests</string>
				<key>PRODUCT_NAME</key>
				<string>$(TARGET_NAME)</string>
				<key>TEST_HOST</key>
				<string>$(BUILT_PRODUCTS_DIR)/NetEaseCloudMusic.app/NetEaseCloudMusic</string>
			</dict>
			<key>isa</key>
			<string>XCBuildConfiguration</string>
			<key>name</key>
			<string>Debug</string>
		</dict>
		<key>DE2654A41D101A860083F742</key>
		<dict>
			<key>buildSettings</key>
			<dict>
				<key>BUNDLE_LOADER</key>
				<string>$(TEST_HOST)</string>
				<key>INFOPLIST_FILE</key>
				<string>NetEaseCloudMusicTests/Info.plist</string>
				<key>LD_RUNPATH_SEARCH_PATHS</key>
				<string>$(inherited) @executable_path/Frameworks @loader_path/Frameworks</string>
				<key>PRODUCT_BUNDLE_IDENTIFIER</key>
				<string>com.danlee.NetEaseCloudMusicTests</string>
				<key>PRODUCT_NAME</key>
				<string>$(TARGET_NAME)</string>
				<key>TEST_HOST</key>
				<string>$(BUILT_PRODUCTS_DIR)/NetEaseCloudMusic.app/NetEaseCloudMusic</string>
			</dict>
			<key>isa</key>
			<string>XCBuildConfiguration</string>
			<key>name</key>
			<string>Release</string>
		</dict>
		<key>DE2654A51D101A860083F742</key>
		<dict>
			<key>buildConfigurations</key>
			<array>
				<string>DE2654A61D101A860083F742</string>
				<string>DE2654A71D101A860083F742</string>
			</array>
			<key>defaultConfigurationIsVisible</key>
			<string>0</string>
			<key>defaultConfigurationName</key>
			<string>Release</string>
			<key>isa</key>
			<string>XCConfigurationList</string>
		</dict>
		<key>DE2654A61D101A860083F742</key>
		<dict>
			<key>buildSettings</key>
			<dict>
				<key>INFOPLIST_FILE</key>
				<string>NetEaseCloudMusicUITests/Info.plist</string>
				<key>LD_RUNPATH_SEARCH_PATHS</key>
				<string>$(inherited) @executable_path/Frameworks @loader_path/Frameworks</string>
				<key>PRODUCT_BUNDLE_IDENTIFIER</key>
				<string>com.danlee.NetEaseCloudMusicUITests</string>
				<key>PRODUCT_NAME</key>
				<string>$(TARGET_NAME)</string>
				<key>TEST_TARGET_NAME</key>
				<string>NetEaseCloudMusic</string>
			</dict>
			<key>isa</key>
			<string>XCBuildConfiguration</string>
			<key>name</key>
			<string>Debug</string>
		</dict>
		<key>DE2654A71D101A860083F742</key>
		<dict>
			<key>buildSettings</key>
			<dict>
				<key>INFOPLIST_FILE</key>
				<string>NetEaseCloudMusicUITests/Info.plist</string>
				<key>LD_RUNPATH_SEARCH_PATHS</key>
				<string>$(inherited) @executable_path/Frameworks @loader_path/Frameworks</string>
				<key>PRODUCT_BUNDLE_IDENTIFIER</key>
				<string>com.danlee.NetEaseCloudMusicUITests</string>
				<key>PRODUCT_NAME</key>
				<string>$(TARGET_NAME)</string>
				<key>TEST_TARGET_NAME</key>
				<string>NetEaseCloudMusic</string>
			</dict>
			<key>isa</key>
			<string>XCBuildConfiguration</string>
			<key>name</key>
			<string>Release</string>
		</dict>
		<key>DE2654AA1D101D440083F742</key>
		<dict>
			<key>fileEncoding</key>
			<string>4</string>
			<key>isa</key>
			<string>PBXFileReference</string>
			<key>lastKnownFileType</key>
			<string>sourcecode.swift</string>
			<key>name</key>
			<string>FindMusicViewController.swift</string>
			<key>path</key>
			<string>FindMusic/FindMusicViewController.swift</string>
			<key>sourceTree</key>
			<string>&lt;group&gt;</string>
		</dict>
		<key>DE2654AB1D101D440083F742</key>
		<dict>
			<key>fileRef</key>
			<string>DE2654AA1D101D440083F742</string>
			<key>isa</key>
			<string>PBXBuildFile</string>
		</dict>
		<key>DE2654AC1D101D4B0083F742</key>
		<dict>
			<key>children</key>
			<array>
				<string>DE2654AA1D101D440083F742</string>
				<string>DE2654C01D10249D0083F742</string>
				<string>DE2654E21D1028C60083F742</string>
			</array>
			<key>isa</key>
			<string>PBXGroup</string>
			<key>name</key>
			<string>FindMusic</string>
			<key>sourceTree</key>
			<string>&lt;group&gt;</string>
		</dict>
		<key>DE2654AD1D101D7A0083F742</key>
		<dict>
			<key>fileEncoding</key>
			<string>4</string>
			<key>isa</key>
			<string>PBXFileReference</string>
			<key>lastKnownFileType</key>
			<string>sourcecode.swift</string>
			<key>name</key>
			<string>MyMusicViewController.swift</string>
			<key>path</key>
			<string>MyMusic/MyMusicViewController.swift</string>
			<key>sourceTree</key>
			<string>&lt;group&gt;</string>
		</dict>
		<key>DE2654AE1D101D7A0083F742</key>
		<dict>
			<key>fileRef</key>
			<string>DE2654AD1D101D7A0083F742</string>
			<key>isa</key>
			<string>PBXBuildFile</string>
		</dict>
		<key>DE2654AF1D101D7F0083F742</key>
		<dict>
			<key>children</key>
			<array>
				<string>DE2654AD1D101D7A0083F742</string>
				<string>DE2654C21D1024F90083F742</string>
				<string>DE2654E31D1028FE0083F742</string>
				<string>DE2654E61D10295D0083F742</string>
				<string>DE2654E91D1029A20083F742</string>
				<string>DE2654EA1D1029DE0083F742</string>
				<string>DE2654EE1D102A0C0083F742</string>
				<string>DE2654F31D102AA10083F742</string>
			</array>
			<key>isa</key>
			<string>PBXGroup</string>
			<key>name</key>
			<string>MyMusic</string>
			<key>sourceTree</key>
			<string>&lt;group&gt;</string>
		</dict>
		<key>DE2654B01D101DA90083F742</key>
		<dict>
			<key>fileEncoding</key>
			<string>4</string>
			<key>isa</key>
			<string>PBXFileReference</string>
			<key>lastKnownFileType</key>
			<string>sourcecode.swift</string>
			<key>name</key>
			<string>FriendViewController.swift</string>
			<key>path</key>
			<string>Friend/FriendViewController.swift</string>
			<key>sourceTree</key>
			<string>&lt;group&gt;</string>
		</dict>
		<key>DE2654B11D101DA90083F742</key>
		<dict>
			<key>fileRef</key>
			<string>DE2654B01D101DA90083F742</string>
			<key>isa</key>
			<string>PBXBuildFile</string>
		</dict>
		<key>DE2654B21D101DAD0083F742</key>
		<dict>
			<key>children</key>
			<array>
				<string>DE2654B01D101DA90083F742</string>
				<string>DE2654C81D1025C70083F742</string>
				<string>DE2654CA1D1025E60083F742</string>
				<string>DE2654CC1D1025F90083F742</string>
			</array>
			<key>isa</key>
			<string>PBXGroup</string>
			<key>name</key>
			<string>Friend</string>
			<key>sourceTree</key>
			<string>&lt;group&gt;</string>
		</dict>
		<key>DE2654B31D101DD30083F742</key>
		<dict>
			<key>fileEncoding</key>
			<string>4</string>
			<key>isa</key>
			<string>PBXFileReference</string>
			<key>lastKnownFileType</key>
			<string>sourcecode.swift</string>
			<key>name</key>
			<string>AccountViewController.swift</string>
			<key>path</key>
			<string>Account/AccountViewController.swift</string>
			<key>sourceTree</key>
			<string>&lt;group&gt;</string>
		</dict>
		<key>DE2654B41D101DD30083F742</key>
		<dict>
			<key>fileRef</key>
			<string>DE2654B31D101DD30083F742</string>
			<key>isa</key>
			<string>PBXBuildFile</string>
		</dict>
		<key>DE2654B51D101DD60083F742</key>
		<dict>
			<key>children</key>
			<array>
				<string>DE2654B31D101DD30083F742</string>
				<string>DE2654F71D103A8D0083F742</string>
				<string>DE2654F41D10301D0083F742</string>
			</array>
			<key>isa</key>
			<string>PBXGroup</string>
			<key>name</key>
			<string>Account</string>
			<key>sourceTree</key>
			<string>&lt;group&gt;</string>
		</dict>
		<key>DE2654B81D1022F10083F742</key>
		<dict>
			<key>fileEncoding</key>
			<string>4</string>
			<key>isa</key>
			<string>PBXFileReference</string>
			<key>lastKnownFileType</key>
			<string>sourcecode.swift</string>
			<key>name</key>
			<string>RecommendViewController.swift</string>
			<key>path</key>
			<string>FindMusic/RecommendViewController.swift</string>
			<key>sourceTree</key>
			<string>&lt;group&gt;</string>
		</dict>
		<key>DE2654B91D1022F10083F742</key>
		<dict>
			<key>fileRef</key>
			<string>DE2654B81D1022F10083F742</string>
			<key>isa</key>
			<string>PBXBuildFile</string>
		</dict>
		<key>DE2654BA1D10232C0083F742</key>
		<dict>
			<key>fileEncoding</key>
			<string>4</string>
			<key>isa</key>
			<string>PBXFileReference</string>
			<key>lastKnownFileType</key>
			<string>sourcecode.swift</string>
			<key>name</key>
			<string>SongSheetViewController.swift</string>
			<key>path</key>
			<string>FindMusic/SongSheetViewController.swift</string>
			<key>sourceTree</key>
			<string>&lt;group&gt;</string>
		</dict>
		<key>DE2654BB1D10232C0083F742</key>
		<dict>
			<key>fileRef</key>
			<string>DE2654BA1D10232C0083F742</string>
			<key>isa</key>
			<string>PBXBuildFile</string>
		</dict>
		<key>DE2654BC1D10236F0083F742</key>
		<dict>
			<key>fileEncoding</key>
			<string>4</string>
			<key>isa</key>
			<string>PBXFileReference</string>
			<key>lastKnownFileType</key>
			<string>sourcecode.swift</string>
			<key>name</key>
			<string>RadioViewController.swift</string>
			<key>path</key>
			<string>FindMusic/RadioViewController.swift</string>
			<key>sourceTree</key>
			<string>&lt;group&gt;</string>
		</dict>
		<key>DE2654BD1D10236F0083F742</key>
		<dict>
			<key>fileRef</key>
			<string>DE2654BC1D10236F0083F742</string>
			<key>isa</key>
			<string>PBXBuildFile</string>
		</dict>
		<key>DE2654BE1D1023990083F742</key>
		<dict>
			<key>fileEncoding</key>
			<string>4</string>
			<key>isa</key>
			<string>PBXFileReference</string>
			<key>lastKnownFileType</key>
			<string>sourcecode.swift</string>
			<key>name</key>
			<string>RankListViewController.swift</string>
			<key>path</key>
			<string>FindMusic/RankListViewController.swift</string>
			<key>sourceTree</key>
			<string>&lt;group&gt;</string>
		</dict>
		<key>DE2654BF1D1023990083F742</key>
		<dict>
			<key>fileRef</key>
			<string>DE2654BE1D1023990083F742</string>
			<key>isa</key>
			<string>PBXBuildFile</string>
		</dict>
		<key>DE2654C01D10249D0083F742</key>
		<dict>
			<key>fileEncoding</key>
			<string>4</string>
			<key>isa</key>
			<string>PBXFileReference</string>
			<key>lastKnownFileType</key>
			<string>sourcecode.swift</string>
			<key>name</key>
			<string>SoundHoundViewController.swift</string>
			<key>path</key>
			<string>FindMusic/SoundHoundViewController.swift</string>
			<key>sourceTree</key>
			<string>&lt;group&gt;</string>
		</dict>
		<key>DE2654C11D10249D0083F742</key>
		<dict>
			<key>fileRef</key>
			<string>DE2654C01D10249D0083F742</string>
			<key>isa</key>
			<string>PBXBuildFile</string>
		</dict>
		<key>DE2654C21D1024F90083F742</key>
		<dict>
			<key>fileEncoding</key>
			<string>4</string>
			<key>isa</key>
			<string>PBXFileReference</string>
			<key>lastKnownFileType</key>
			<string>sourcecode.swift</string>
			<key>name</key>
			<string>PlaySongViewController.swift</string>
			<key>path</key>
			<string>MyMusic/PlaySongViewController.swift</string>
			<key>sourceTree</key>
			<string>&lt;group&gt;</string>
		</dict>
		<key>DE2654C31D1024F90083F742</key>
		<dict>
			<key>fileRef</key>
			<string>DE2654C21D1024F90083F742</string>
			<key>isa</key>
			<string>PBXBuildFile</string>
		</dict>
		<key>DE2654C41D1025460083F742</key>
		<dict>
			<key>fileEncoding</key>
			<string>4</string>
			<key>isa</key>
			<string>PBXFileReference</string>
			<key>lastKnownFileType</key>
			<string>sourcecode.swift</string>
			<key>name</key>
			<string>AddSongSheetViewController.swift</string>
			<key>path</key>
			<string>MyMusic/AddSongSheetViewController.swift</string>
			<key>sourceTree</key>
			<string>&lt;group&gt;</string>
		</dict>
		<key>DE2654C51D1025460083F742</key>
		<dict>
			<key>fileRef</key>
			<string>DE2654C41D1025460083F742</string>
			<key>isa</key>
			<string>PBXBuildFile</string>
		</dict>
		<key>DE2654C61D1025730083F742</key>
		<dict>
			<key>fileEncoding</key>
			<string>4</string>
			<key>isa</key>
			<string>PBXFileReference</string>
			<key>lastKnownFileType</key>
			<string>sourcecode.swift</string>
			<key>name</key>
			<string>MyMusicCloudBoxViewController.swift</string>
			<key>path</key>
			<string>MyMusic/MyMusicCloudBoxViewController.swift</string>
			<key>sourceTree</key>
			<string>&lt;group&gt;</string>
		</dict>
		<key>DE2654C71D1025730083F742</key>
		<dict>
			<key>fileRef</key>
			<string>DE2654C61D1025730083F742</string>
			<key>isa</key>
			<string>PBXBuildFile</string>
		</dict>
		<key>DE2654C81D1025C70083F742</key>
		<dict>
			<key>fileEncoding</key>
			<string>4</string>
			<key>isa</key>
			<string>PBXFileReference</string>
			<key>lastKnownFileType</key>
			<string>sourcecode.swift</string>
			<key>name</key>
			<string>AddFocusViewController.swift</string>
			<key>path</key>
			<string>Friend/AddFocusViewController.swift</string>
			<key>sourceTree</key>
			<string>&lt;group&gt;</string>
		</dict>
		<key>DE2654C91D1025C70083F742</key>
		<dict>
			<key>fileRef</key>
			<string>DE2654C81D1025C70083F742</string>
			<key>isa</key>
			<string>PBXBuildFile</string>
		</dict>
		<key>DE2654CA1D1025E60083F742</key>
		<dict>
			<key>fileEncoding</key>
			<string>4</string>
			<key>isa</key>
			<string>PBXFileReference</string>
			<key>lastKnownFileType</key>
			<string>sourcecode.swift</string>
			<key>name</key>
			<string>FocusViewController.swift</string>
			<key>path</key>
			<string>Friend/FocusViewController.swift</string>
			<key>sourceTree</key>
			<string>&lt;group&gt;</string>
		</dict>
		<key>DE2654CB1D1025E60083F742</key>
		<dict>
			<key>fileRef</key>
			<string>DE2654CA1D1025E60083F742</string>
			<key>isa</key>
			<string>PBXBuildFile</string>
		</dict>
		<key>DE2654CC1D1025F90083F742</key>
		<dict>
			<key>fileEncoding</key>
			<string>4</string>
			<key>isa</key>
			<string>PBXFileReference</string>
			<key>lastKnownFileType</key>
			<string>sourcecode.swift</string>
			<key>name</key>
			<string>NearByViewController.swift</string>
			<key>path</key>
			<string>Friend/NearByViewController.swift</string>
			<key>sourceTree</key>
			<string>&lt;group&gt;</string>
		</dict>
		<key>DE2654CD1D1025F90083F742</key>
		<dict>
			<key>fileRef</key>
			<string>DE2654CC1D1025F90083F742</string>
			<key>isa</key>
			<string>PBXBuildFile</string>
		</dict>
		<key>DE2654CE1D1026710083F742</key>
		<dict>
			<key>fileEncoding</key>
			<string>4</string>
			<key>isa</key>
			<string>PBXFileReference</string>
			<key>lastKnownFileType</key>
			<string>sourcecode.swift</string>
			<key>name</key>
			<string>MyMessageViewController.swift</string>
			<key>path</key>
			<string>Account/MyMessageViewController.swift</string>
			<key>sourceTree</key>
			<string>&lt;group&gt;</string>
		</dict>
		<key>DE2654CF1D1026710083F742</key>
		<dict>
			<key>fileRef</key>
			<string>DE2654CE1D1026710083F742</string>
			<key>isa</key>
			<string>PBXBuildFile</string>
		</dict>
		<key>DE2654D01D1026B50083F742</key>
		<dict>
			<key>fileEncoding</key>
			<string>4</string>
			<key>isa</key>
			<string>PBXFileReference</string>
			<key>lastKnownFileType</key>
			<string>sourcecode.swift</string>
			<key>name</key>
			<string>PaidMusicViewController.swift</string>
			<key>path</key>
			<string>Account/PaidMusicViewController.swift</string>
			<key>sourceTree</key>
			<string>&lt;group&gt;</string>
		</dict>
		<key>DE2654D11D1026B50083F742</key>
		<dict>
			<key>fileRef</key>
			<string>DE2654D01D1026B50083F742</string>
			<key>isa</key>
			<string>PBXBuildFile</string>
		</dict>
		<key>DE2654D21D1026DA0083F742</key>
		<dict>
			<key>fileEncoding</key>
			<string>4</string>
			<key>isa</key>
			<string>PBXFileReference</string>
			<key>lastKnownFileType</key>
			<string>sourcecode.swift</string>
			<key>name</key>
			<string>PointMallViewController.swift</string>
			<key>path</key>
			<string>Account/PointMallViewController.swift</string>
			<key>sourceTree</key>
			<string>&lt;group&gt;</string>
		</dict>
		<key>DE2654D31D1026DA0083F742</key>
		<dict>
			<key>fileRef</key>
			<string>DE2654D21D1026DA0083F742</string>
			<key>isa</key>
			<string>PBXBuildFile</string>
		</dict>
		<key>DE2654D41D10271A0083F742</key>
		<dict>
			<key>fileEncoding</key>
			<string>4</string>
			<key>isa</key>
			<string>PBXFileReference</string>
			<key>lastKnownFileType</key>
			<string>sourcecode.swift</string>
			<key>name</key>
			<string>OnlineFreePlayViewController.swift</string>
			<key>path</key>
			<string>Account/OnlineFreePlayViewController.swift</string>
			<key>sourceTree</key>
			<string>&lt;group&gt;</string>
		</dict>
		<key>DE2654D51D10271A0083F742</key>
		<dict>
			<key>fileRef</key>
			<string>DE2654D41D10271A0083F742</string>
			<key>isa</key>
			<string>PBXBuildFile</string>
		</dict>
		<key>DE2654D61D1027540083F742</key>
		<dict>
			<key>fileEncoding</key>
			<string>4</string>
			<key>isa</key>
			<string>PBXFileReference</string>
			<key>lastKnownFileType</key>
			<string>sourcecode.swift</string>
			<key>name</key>
			<string>SettingViewController.swift</string>
			<key>path</key>
			<string>Account/SettingViewController.swift</string>
			<key>sourceTree</key>
			<string>&lt;group&gt;</string>
		</dict>
		<key>DE2654D71D1027540083F742</key>
		<dict>
			<key>fileRef</key>
			<string>DE2654D61D1027540083F742</string>
			<key>isa</key>
			<string>PBXBuildFile</string>
		</dict>
		<key>DE2654D81D1027780083F742</key>
		<dict>
			<key>fileEncoding</key>
			<string>4</string>
			<key>isa</key>
			<string>PBXFileReference</string>
			<key>lastKnownFileType</key>
			<string>sourcecode.swift</string>
			<key>name</key>
			<string>ThemeSkinViewController.swift</string>
			<key>path</key>
			<string>Account/ThemeSkinViewController.swift</string>
			<key>sourceTree</key>
			<string>&lt;group&gt;</string>
		</dict>
		<key>DE2654D91D1027780083F742</key>
		<dict>
			<key>fileRef</key>
			<string>DE2654D81D1027780083F742</string>
			<key>isa</key>
			<string>PBXBuildFile</string>
		</dict>
		<key>DE2654DA1D1027CA0083F742</key>
		<dict>
			<key>fileEncoding</key>
			<string>4</string>
			<key>isa</key>
			<string>PBXFileReference</string>
			<key>lastKnownFileType</key>
			<string>sourcecode.swift</string>
			<key>name</key>
			<string>CountDownViewController.swift</string>
			<key>path</key>
			<string>Account/CountDownViewController.swift</string>
			<key>sourceTree</key>
			<string>&lt;group&gt;</string>
		</dict>
		<key>DE2654DB1D1027CA0083F742</key>
		<dict>
			<key>fileRef</key>
			<string>DE2654DA1D1027CA0083F742</string>
			<key>isa</key>
			<string>PBXBuildFile</string>
		</dict>
		<key>DE2654DC1D1027E40083F742</key>
		<dict>
			<key>fileEncoding</key>
			<string>4</string>
			<key>isa</key>
			<string>PBXFileReference</string>
			<key>lastKnownFileType</key>
			<string>sourcecode.swift</string>
			<key>name</key>
			<string>MusicAlarmViewController.swift</string>
			<key>path</key>
			<string>Account/MusicAlarmViewController.swift</string>
			<key>sourceTree</key>
			<string>&lt;group&gt;</string>
		</dict>
		<key>DE2654DD1D1027E40083F742</key>
		<dict>
			<key>fileRef</key>
			<string>DE2654DC1D1027E40083F742</string>
			<key>isa</key>
			<string>PBXBuildFile</string>
		</dict>
		<key>DE2654DE1D1027FF0083F742</key>
		<dict>
			<key>fileEncoding</key>
			<string>4</string>
			<key>isa</key>
			<string>PBXFileReference</string>
			<key>lastKnownFileType</key>
			<string>sourcecode.swift</string>
			<key>name</key>
			<string>DrivingModeViewController.swift</string>
			<key>path</key>
			<string>Account/DrivingModeViewController.swift</string>
			<key>sourceTree</key>
			<string>&lt;group&gt;</string>
		</dict>
		<key>DE2654DF1D1027FF0083F742</key>
		<dict>
			<key>fileRef</key>
			<string>DE2654DE1D1027FF0083F742</string>
			<key>isa</key>
			<string>PBXBuildFile</string>
		</dict>
		<key>DE2654E01D1028160083F742</key>
		<dict>
			<key>fileEncoding</key>
			<string>4</string>
			<key>isa</key>
			<string>PBXFileReference</string>
			<key>lastKnownFileType</key>
			<string>sourcecode.swift</string>
			<key>name</key>
			<string>AboutViewController.swift</string>
			<key>path</key>
			<string>Account/AboutViewController.swift</string>
			<key>sourceTree</key>
			<string>&lt;group&gt;</string>
		</dict>
		<key>DE2654E11D1028160083F742</key>
		<dict>
			<key>fileRef</key>
			<string>DE2654E01D1028160083F742</string>
			<key>isa</key>
			<string>PBXBuildFile</string>
		</dict>
		<key>DE2654E21D1028C60083F742</key>
		<dict>
			<key>children</key>
			<array>
				<string>DE2654B81D1022F10083F742</string>
				<string>DE2654BA1D10232C0083F742</string>
				<string>DE2654BC1D10236F0083F742</string>
				<string>DE2654BE1D1023990083F742</string>
			</array>
			<key>isa</key>
			<string>PBXGroup</string>
			<key>name</key>
			<string>ContentVC</string>
			<key>sourceTree</key>
			<string>&lt;group&gt;</string>
		</dict>
		<key>DE2654E31D1028FE0083F742</key>
		<dict>
			<key>children</key>
			<array>
				<string>DE2654C41D1025460083F742</string>
				<string>DE2654C61D1025730083F742</string>
			</array>
			<key>isa</key>
			<string>PBXGroup</string>
			<key>name</key>
			<string>More</string>
			<key>sourceTree</key>
			<string>&lt;group&gt;</string>
		</dict>
		<key>DE2654E41D1029590083F742</key>
		<dict>
			<key>fileEncoding</key>
			<string>4</string>
			<key>isa</key>
			<string>PBXFileReference</string>
			<key>lastKnownFileType</key>
			<string>sourcecode.swift</string>
			<key>name</key>
			<string>DownLoadViewController.swift</string>
			<key>path</key>
			<string>MyMusic/DownLoad/DownLoadViewController.swift</string>
			<key>sourceTree</key>
			<string>&lt;group&gt;</string>
		</dict>
		<key>DE2654E51D1029590083F742</key>
		<dict>
			<key>fileRef</key>
			<string>DE2654E41D1029590083F742</string>
			<key>isa</key>
			<string>PBXBuildFile</string>
		</dict>
		<key>DE2654E61D10295D0083F742</key>
		<dict>
			<key>children</key>
			<array>
				<string>DE2654E41D1029590083F742</string>
			</array>
			<key>isa</key>
			<string>PBXGroup</string>
			<key>name</key>
			<string>DownLoad</string>
			<key>sourceTree</key>
			<string>&lt;group&gt;</string>
		</dict>
		<key>DE2654E71D10299F0083F742</key>
		<dict>
			<key>fileEncoding</key>
			<string>4</string>
			<key>isa</key>
			<string>PBXFileReference</string>
			<key>lastKnownFileType</key>
			<string>sourcecode.swift</string>
			<key>name</key>
			<string>RecentPlayedViewController.swift</string>
			<key>path</key>
			<string>MyMusic/RecentPlayed/RecentPlayedViewController.swift</string>
			<key>sourceTree</key>
			<string>&lt;group&gt;</string>
		</dict>
		<key>DE2654E81D10299F0083F742</key>
		<dict>
			<key>fileRef</key>
			<string>DE2654E71D10299F0083F742</string>
			<key>isa</key>
			<string>PBXBuildFile</string>
		</dict>
		<key>DE2654E91D1029A20083F742</key>
		<dict>
			<key>children</key>
			<array>
				<string>DE2654E71D10299F0083F742</string>
			</array>
			<key>isa</key>
			<string>PBXGroup</string>
			<key>name</key>
			<string>RecentPlayed</string>
			<key>sourceTree</key>
			<string>&lt;group&gt;</string>
		</dict>
		<key>DE2654EA1D1029DE0083F742</key>
		<dict>
			<key>fileEncoding</key>
			<string>4</string>
			<key>isa</key>
			<string>PBXFileReference</string>
			<key>lastKnownFileType</key>
			<string>sourcecode.swift</string>
			<key>name</key>
			<string>MySingerViewController.swift</string>
			<key>path</key>
			<string>MyMusic/MySingerViewController.swift</string>
			<key>sourceTree</key>
			<string>&lt;group&gt;</string>
		</dict>
		<key>DE2654EB1D1029DE0083F742</key>
		<dict>
			<key>fileRef</key>
			<string>DE2654EA1D1029DE0083F742</string>
			<key>isa</key>
			<string>PBXBuildFile</string>
		</dict>
		<key>DE2654EC1D102A070083F742</key>
		<dict>
			<key>fileEncoding</key>
			<string>4</string>
			<key>isa</key>
			<string>PBXFileReference</string>
			<key>lastKnownFileType</key>
			<string>sourcecode.swift</string>
			<key>name</key>
			<string>MyMVViewController.swift</string>
			<key>path</key>
			<string>MyMusic/MyMV/MyMVViewController.swift</string>
			<key>sourceTree</key>
			<string>&lt;group&gt;</string>
		</dict>
		<key>DE2654ED1D102A070083F742</key>
		<dict>
			<key>fileRef</key>
			<string>DE2654EC1D102A070083F742</string>
			<key>isa</key>
			<string>PBXBuildFile</string>
		</dict>
		<key>DE2654EE1D102A0C0083F742</key>
		<dict>
			<key>children</key>
			<array>
				<string>DE2654EC1D102A070083F742</string>
			</array>
			<key>isa</key>
			<string>PBXGroup</string>
			<key>name</key>
			<string>MyMV</string>
			<key>sourceTree</key>
			<string>&lt;group&gt;</string>
		</dict>
		<key>DE2654F11D102A9D0083F742</key>
		<dict>
			<key>fileEncoding</key>
			<string>4</string>
			<key>isa</key>
			<string>PBXFileReference</string>
			<key>lastKnownFileType</key>
			<string>sourcecode.swift</string>
			<key>name</key>
			<string>MyRadioViewController.swift</string>
			<key>path</key>
			<string>MyMusic/MyRadio/MyRadioViewController.swift</string>
			<key>sourceTree</key>
			<string>&lt;group&gt;</string>
		</dict>
		<key>DE2654F21D102A9D0083F742</key>
		<dict>
			<key>fileRef</key>
			<string>DE2654F11D102A9D0083F742</string>
			<key>isa</key>
			<string>PBXBuildFile</string>
		</dict>
		<key>DE2654F31D102AA10083F742</key>
		<dict>
			<key>children</key>
			<array>
				<string>DE2654F11D102A9D0083F742</string>
			</array>
			<key>isa</key>
			<string>PBXGroup</string>
			<key>name</key>
			<string>MyRadio</string>
			<key>sourceTree</key>
			<string>&lt;group&gt;</string>
		</dict>
		<key>DE2654F41D10301D0083F742</key>
		<dict>
			<key>children</key>
			<array>
				<string>DE2654CE1D1026710083F742</string>
				<string>DE2654D01D1026B50083F742</string>
				<string>DE2654D21D1026DA0083F742</string>
				<string>DE2654D41D10271A0083F742</string>
				<string>DE2654D61D1027540083F742</string>
				<string>DE2654D81D1027780083F742</string>
				<string>DE2654DA1D1027CA0083F742</string>
				<string>DE2654DC1D1027E40083F742</string>
				<string>DE2654DE1D1027FF0083F742</string>
				<string>DE2654E01D1028160083F742</string>
			</array>
			<key>isa</key>
			<string>PBXGroup</string>
			<key>name</key>
			<string>ContentVC</string>
			<key>sourceTree</key>
			<string>&lt;group&gt;</string>
		</dict>
		<key>DE2654F71D103A8D0083F742</key>
		<dict>
			<key>fileEncoding</key>
			<string>4</string>
			<key>isa</key>
			<string>PBXFileReference</string>
			<key>lastKnownFileType</key>
			<string>sourcecode.swift</string>
			<key>name</key>
			<string>AccountTableViewCell.swift</string>
			<key>path</key>
			<string>Account/AccountTableViewCell.swift</string>
			<key>sourceTree</key>
			<string>&lt;group&gt;</string>
		</dict>
		<key>DE2654F81D103A8D0083F742</key>
		<dict>
			<key>fileRef</key>
			<string>DE2654F71D103A8D0083F742</string>
			<key>isa</key>
			<string>PBXBuildFile</string>
		</dict>
		<key>DFA7455DED046E4D37EE8D4B</key>
		<dict>
			<key>children</key>
			<array>
				<string>D42FA2A00EA9169F711A1E81</string>
			</array>
			<key>isa</key>
			<string>PBXGroup</string>
			<key>name</key>
			<string>Frameworks</string>
			<key>sourceTree</key>
			<string>&lt;group&gt;</string>
		</dict>
		<key>EB11B0F7C0EE28112D75A367</key>
		<dict>
			<key>fileRef</key>
			<string>D42FA2A00EA9169F711A1E81</string>
			<key>isa</key>
			<string>PBXBuildFile</string>
		</dict>
	</dict>
	<key>rootObject</key>
	<string>DE26546D1D101A860083F742</string>
</dict>
</plist>
